
Microsoft Visual Studio Solution File, Format Version 12.00
# Visual Studio Version 16
VisualStudioVersion = 16.0.30406.217
MinimumVisualStudioVersion = 10.0.40219.1
Project("{2150E333-8FDC-42A3-9474-1A3956D46DE8}") = "Libraries", "Libraries", "{A8F4069D-F6D1-4A9A-A4E5-9A22B411D691}"
EndProject
Project("{8BC9CEB8-8B4A-11D0-8D11-00A0C91BC942}") = "DeepSkyStackerCL", "DeepSkyStackerCL\DeepSkyStackerCL.vcxproj", "{CB7B75F1-08F4-4C8D-A7EF-29CDCE9A67F1}"
	ProjectSection(ProjectDependencies) = postProject
		{1747F255-9CB9-472B-8FEE-9E0BBFBAD49D} = {1747F255-9CB9-472B-8FEE-9E0BBFBAD49D}
		{A2F500C6-6903-4C2D-906D-CE86B99BA50D} = {A2F500C6-6903-4C2D-906D-CE86B99BA50D}
		{767E57ED-6D37-32A1-B51E-C39E7C1CD02A} = {767E57ED-6D37-32A1-B51E-C39E7C1CD02A}
	EndProjectSection
EndProject
Project("{8BC9CEB8-8B4A-11D0-8D11-00A0C91BC942}") = "DeepSkyStackerLive", "DeepSkyStackerLive\DeepSkyStackerLive.vcxproj", "{6290D6C2-900F-496C-A522-D5C8BF807066}"
	ProjectSection(ProjectDependencies) = postProject
		{D5FB2402-A821-4474-91E7-07F0DD5866F0} = {D5FB2402-A821-4474-91E7-07F0DD5866F0}
		{A2F500C6-6903-4C2D-906D-CE86B99BA50D} = {A2F500C6-6903-4C2D-906D-CE86B99BA50D}
		{767E57ED-6D37-32A1-B51E-C39E7C1CD02A} = {767E57ED-6D37-32A1-B51E-C39E7C1CD02A}
	EndProjectSection
EndProject
Project("{8BC9CEB8-8B4A-11D0-8D11-00A0C91BC942}") = "DeepSkyStacker", "DeepSkyStacker\DeepSkyStacker.vcxproj", "{90721C24-BC43-450A-ADED-3417280D075B}"
	ProjectSection(ProjectDependencies) = postProject
		{767E57ED-6D37-32A1-B51E-C39E7C1CD02A} = {767E57ED-6D37-32A1-B51E-C39E7C1CD02A}
	EndProjectSection
EndProject
Project("{8BC9CEB8-8B4A-11D0-8D11-00A0C91BC942}") = "libjpg", "libjpg\libjpg.vcxproj", "{A2F500C6-6903-4C2D-906D-CE86B99BA50D}"
EndProject
Project("{8BC9CEB8-8B4A-11D0-8D11-00A0C91BC942}") = "libtiff", "LibTiff\libtiff.vcxproj", "{D5FB2402-A821-4474-91E7-07F0DD5866F0}"
EndProject
Project("{8BC9CEB8-8B4A-11D0-8D11-00A0C91BC942}") = "ZCLass", "ZCLass\ZCLass.vcxproj", "{1747F255-9CB9-472B-8FEE-9E0BBFBAD49D}"
EndProject
Project("{8BC9CEB8-8B4A-11D0-8D11-00A0C91BC942}") = "libraw", "LibRaw\buildfiles\libraw.vcxproj", "{767E57ED-6D37-32A1-B51E-C39E7C1CD02A}"
EndProject
Project("{2150E333-8FDC-42A3-9474-1A3956D46DE8}") = "Solution Items", "Solution Items", "{6E9EC8B1-5EAC-4F7F-8989-EFED16DA4B7A}"
EndProject
Project("{8BC9CEB8-8B4A-11D0-8D11-00A0C91BC942}") = "DeepSkyStackerTest", "DeepSkyStackerTest\DeepSkyStackerTest.vcxproj", "{487E5070-BF81-4DEF-BE9F-510EEACE627B}"
	ProjectSection(ProjectDependencies) = postProject
		{1747F255-9CB9-472B-8FEE-9E0BBFBAD49D} = {1747F255-9CB9-472B-8FEE-9E0BBFBAD49D}
	EndProjectSection
EndProject
Global
	GlobalSection(SolutionConfigurationPlatforms) = preSolution
		Debug|x64 = Debug|x64
		Release|x64 = Release|x64
	EndGlobalSection
	GlobalSection(ProjectConfigurationPlatforms) = postSolution
		{CB7B75F1-08F4-4C8D-A7EF-29CDCE9A67F1}.Debug|x64.ActiveCfg = Debug|x64
		{CB7B75F1-08F4-4C8D-A7EF-29CDCE9A67F1}.Debug|x64.Build.0 = Debug|x64
		{CB7B75F1-08F4-4C8D-A7EF-29CDCE9A67F1}.Release|x64.ActiveCfg = Release|x64
		{CB7B75F1-08F4-4C8D-A7EF-29CDCE9A67F1}.Release|x64.Build.0 = Release|x64
		{6290D6C2-900F-496C-A522-D5C8BF807066}.Debug|x64.ActiveCfg = Debug|x64
		{6290D6C2-900F-496C-A522-D5C8BF807066}.Debug|x64.Build.0 = Debug|x64
		{6290D6C2-900F-496C-A522-D5C8BF807066}.Release|x64.ActiveCfg = Release|x64
		{6290D6C2-900F-496C-A522-D5C8BF807066}.Release|x64.Build.0 = Release|x64
		{90721C24-BC43-450A-ADED-3417280D075B}.Debug|x64.ActiveCfg = Debug|x64
		{90721C24-BC43-450A-ADED-3417280D075B}.Debug|x64.Build.0 = Debug|x64
		{90721C24-BC43-450A-ADED-3417280D075B}.Release|x64.ActiveCfg = Release|x64
		{90721C24-BC43-450A-ADED-3417280D075B}.Release|x64.Build.0 = Release|x64
		{A2F500C6-6903-4C2D-906D-CE86B99BA50D}.Debug|x64.ActiveCfg = Debug|x64
		{A2F500C6-6903-4C2D-906D-CE86B99BA50D}.Debug|x64.Build.0 = Debug|x64
		{A2F500C6-6903-4C2D-906D-CE86B99BA50D}.Release|x64.ActiveCfg = Release|x64
		{A2F500C6-6903-4C2D-906D-CE86B99BA50D}.Release|x64.Build.0 = Release|x64
		{D5FB2402-A821-4474-91E7-07F0DD5866F0}.Debug|x64.ActiveCfg = Debug|x64
		{D5FB2402-A821-4474-91E7-07F0DD5866F0}.Debug|x64.Build.0 = Debug|x64
		{D5FB2402-A821-4474-91E7-07F0DD5866F0}.Release|x64.ActiveCfg = Release|x64
		{D5FB2402-A821-4474-91E7-07F0DD5866F0}.Release|x64.Build.0 = Release|x64
		{1747F255-9CB9-472B-8FEE-9E0BBFBAD49D}.Debug|x64.ActiveCfg = Debug|x64
		{1747F255-9CB9-472B-8FEE-9E0BBFBAD49D}.Debug|x64.Build.0 = Debug|x64
		{1747F255-9CB9-472B-8FEE-9E0BBFBAD49D}.Release|x64.ActiveCfg = Release|x64
		{1747F255-9CB9-472B-8FEE-9E0BBFBAD49D}.Release|x64.Build.0 = Release|x64
		{767E57ED-6D37-32A1-B51E-C39E7C1CD02A}.Debug|x64.ActiveCfg = Debug|x64
		{767E57ED-6D37-32A1-B51E-C39E7C1CD02A}.Debug|x64.Build.0 = Debug|x64
		{767E57ED-6D37-32A1-B51E-C39E7C1CD02A}.Release|x64.ActiveCfg = Release|x64
		{767E57ED-6D37-32A1-B51E-C39E7C1CD02A}.Release|x64.Build.0 = Release|x64
		{487E5070-BF81-4DEF-BE9F-510EEACE627B}.Debug|x64.ActiveCfg = Debug|x64
		{487E5070-BF81-4DEF-BE9F-510EEACE627B}.Debug|x64.Build.0 = Debug|x64
		{487E5070-BF81-4DEF-BE9F-510EEACE627B}.Release|x64.ActiveCfg = Release|x64
		{487E5070-BF81-4DEF-BE9F-510EEACE627B}.Release|x64.Build.0 = Release|x64
	EndGlobalSection
	GlobalSection(SolutionProperties) = preSolution
		HideSolutionNode = FALSE
	EndGlobalSection
	GlobalSection(NestedProjects) = preSolution
		{A2F500C6-6903-4C2D-906D-CE86B99BA50D} = {A8F4069D-F6D1-4A9A-A4E5-9A22B411D691}
		{D5FB2402-A821-4474-91E7-07F0DD5866F0} = {A8F4069D-F6D1-4A9A-A4E5-9A22B411D691}
		{1747F255-9CB9-472B-8FEE-9E0BBFBAD49D} = {A8F4069D-F6D1-4A9A-A4E5-9A22B411D691}
		{767E57ED-6D37-32A1-B51E-C39E7C1CD02A} = {A8F4069D-F6D1-4A9A-A4E5-9A22B411D691}
	EndGlobalSection
	GlobalSection(ExtensibilityGlobals) = postSolution
		SolutionGuid = {64F56483-090C-45A4-9437-FC1753EF3BA5}
	EndGlobalSection
EndGlobal
