<?xml version="1.0" encoding="utf-8"?>
<Project ToolsVersion="4.0" xmlns="http://schemas.microsoft.com/developer/msbuild/2003">
  <ItemGroup>
    <Filter Include="Source Files">
      <UniqueIdentifier>{4FC737F1-C7A5-4376-A066-2A32D752A2FF}</UniqueIdentifier>
      <Extensions>cpp;c;cc;cxx;def;odl;idl;hpj;bat;asm;asmx</Extensions>
    </Filter>
    <Filter Include="Header Files">
      <UniqueIdentifier>{93995380-89BD-4b04-88EB-625FBE52EBFB}</UniqueIdentifier>
      <Extensions>h;hpp;hxx;hm;inl;inc;xsd</Extensions>
    </Filter>
    <Filter Include="Resource Files">
      <UniqueIdentifier>{67DA6AB6-F800-4c08-8B7A-83BB121AAD01}</UniqueIdentifier>
      <Extensions>rc;ico;cur;bmp;dlg;rc2;rct;bin;rgs;gif;jpg;jpeg;jpe;resx;tiff;tif;png;wav</Extensions>
    </Filter>
    <Filter Include="Tools">
      <UniqueIdentifier>{84d72efc-2d1e-4b4c-bbcc-5548631dbce9}</UniqueIdentifier>
    </Filter>
    <Filter Include="Qt">
      <UniqueIdentifier>{c5a27a9c-3aa3-4e06-85fa-10899ddf8ba8}</UniqueIdentifier>
    </Filter>
    <Filter Include="Qt\i18n">
      <UniqueIdentifier>{35296fcd-9a3b-4ce5-b85c-721aa046fc66}</UniqueIdentifier>
    </Filter>
    <Filter Include="Qt\ui">
      <UniqueIdentifier>{4abe7899-f800-4251-9c3f-1ebce915fbfb}</UniqueIdentifier>
    </Filter>
    <Filter Include="Header Files\SmtpMime">
      <UniqueIdentifier>{ba1f9d69-a738-45e1-a63f-5e9ef2baf608}</UniqueIdentifier>
    </Filter>
    <Filter Include="Source Files\SmtpMime">
      <UniqueIdentifier>{85303d65-955b-4244-ad43-3022097627c6}</UniqueIdentifier>
    </Filter>
  </ItemGroup>
  <ItemGroup>
    <ClCompile Include="LiveSettings.cpp">
      <Filter>Source Files</Filter>
    </ClCompile>
    <ClCompile Include="stdafx.cpp">
      <Filter>Source Files</Filter>
    </ClCompile>
    <ClCompile Include="..\Tools\QLinearGradientCtrl.cpp">
      <Filter>Tools</Filter>
    </ClCompile>
    <ClCompile Include="..\Tools\imageview.cpp">
      <Filter>Tools</Filter>
    </ClCompile>
    <ClCompile Include="imageviewer.cpp">
      <Filter>Source Files</Filter>
    </ClCompile>
    <ClCompile Include="settingstab.cpp">
      <Filter>Source Files</Filter>
    </ClCompile>
    <ClCompile Include="emailsettings.cpp">
      <Filter>Source Files</Filter>
    </ClCompile>
    <ClCompile Include="foldermonitor.cpp">
      <Filter>Source Files</Filter>
    </ClCompile>
    <ClCompile Include="fileregistrar.cpp">
      <Filter>Source Files</Filter>
    </ClCompile>
    <ClCompile Include="progresslive.cpp">
      <Filter>Source Files</Filter>
    </ClCompile>
    <ClCompile Include="DeepSkyStackerLive.cpp">
      <Filter>Source Files</Filter>
    </ClCompile>
    <ClCompile Include="filestacker.cpp">
      <Filter>Source Files</Filter>
    </ClCompile>
    <ClCompile Include="RestartMonitoring.cpp">
      <Filter>Source Files</Filter>
    </ClCompile>
    <ClCompile Include="ChartTab.cpp">
      <Filter>Source Files</Filter>
    </ClCompile>
    <ClCompile Include="footprint.cpp">
      <Filter>Source Files</Filter>
    </ClCompile>
  </ItemGroup>
  <ItemGroup>
    <ClInclude Include="stdafx.h">
      <Filter>Header Files</Filter>
    </ClInclude>
    <ClInclude Include="resource.h">
      <Filter>Header Files</Filter>
    </ClInclude>
    <ClInclude Include="..\DeepSkyStacker\SetUILanguage.h">
      <Filter>Header Files</Filter>
    </ClInclude>
    <ClInclude Include="LiveSettings.h">
      <Filter>Header Files</Filter>
    </ClInclude>
    <ClInclude Include="..\include\SmtpMime\emailaddress.h">
      <Filter>Header Files\SmtpMime</Filter>
    </ClInclude>
    <ClInclude Include="..\include\SmtpMime\mimeattachment.h">
      <Filter>Header Files\SmtpMime</Filter>
    </ClInclude>
    <ClInclude Include="..\include\SmtpMime\mimebase64encoder.h">
      <Filter>Header Files\SmtpMime</Filter>
    </ClInclude>
    <ClInclude Include="..\include\SmtpMime\mimebase64formatter.h">
      <Filter>Header Files\SmtpMime</Filter>
    </ClInclude>
    <ClInclude Include="..\include\SmtpMime\mimebytearrayattachment.h">
      <Filter>Header Files\SmtpMime</Filter>
    </ClInclude>
    <ClInclude Include="..\include\SmtpMime\mimecontentencoder.h">
      <Filter>Header Files\SmtpMime</Filter>
    </ClInclude>
    <ClInclude Include="..\include\SmtpMime\mimefile.h">
      <Filter>Header Files\SmtpMime</Filter>
    </ClInclude>
    <ClInclude Include="..\include\SmtpMime\mimehtml.h">
      <Filter>Header Files\SmtpMime</Filter>
    </ClInclude>
    <ClInclude Include="..\include\SmtpMime\mimeinlinefile.h">
      <Filter>Header Files\SmtpMime</Filter>
    </ClInclude>
    <ClInclude Include="..\include\SmtpMime\mimemessage.h">
      <Filter>Header Files\SmtpMime</Filter>
    </ClInclude>
    <ClInclude Include="..\include\SmtpMime\mimemultipart.h">
      <Filter>Header Files\SmtpMime</Filter>
    </ClInclude>
    <ClInclude Include="..\include\SmtpMime\mimepart.h">
      <Filter>Header Files\SmtpMime</Filter>
    </ClInclude>
    <ClInclude Include="..\include\SmtpMime\mimeqpencoder.h">
      <Filter>Header Files\SmtpMime</Filter>
    </ClInclude>
    <ClInclude Include="..\include\SmtpMime\mimeqpformatter.h">
      <Filter>Header Files\SmtpMime</Filter>
    </ClInclude>
    <ClInclude Include="..\include\SmtpMime\mimetext.h">
      <Filter>Header Files\SmtpMime</Filter>
    </ClInclude>
    <ClInclude Include="..\include\SmtpMime\quotedprintable.h">
      <Filter>Header Files\SmtpMime</Filter>
    </ClInclude>
    <ClInclude Include="..\include\SmtpMime\smtpmime_global.h">
      <Filter>Header Files\SmtpMime</Filter>
    </ClInclude>
    <ClInclude Include="dssliveenums.h">
      <Filter>Header Files</Filter>
    </ClInclude>
  </ItemGroup>
  <ItemGroup>
    <Image Include="res\DeepSkyStackerLive.ico">
      <Filter>Resource Files</Filter>
    </Image>
    <Image Include="res\4Corners.png">
      <Filter>Resource Files</Filter>
    </Image>
    <Image Include="res\DSS_Icon32.png">
      <Filter>Resource Files</Filter>
    </Image>
    <Image Include="res\DSS_Icon32%402x.png">
      <Filter>Resource Files</Filter>
    </Image>
    <Image Include="res\Monitor-Down.png">
      <Filter>Resource Files</Filter>
    </Image>
    <Image Include="res\Monitor-Up.png">
      <Filter>Resource Files</Filter>
    </Image>
    <Image Include="res\Stack-Down.png">
      <Filter>Resource Files</Filter>
    </Image>
    <Image Include="res\Stack-Up.png">
      <Filter>Resource Files</Filter>
    </Image>
    <Image Include="res\StopSign.png">
      <Filter>Resource Files</Filter>
    </Image>
  </ItemGroup>
  <ItemGroup>
    <ResourceCompile Include="DeepSkyStackerLive.rc">
      <Filter>Resource Files</Filter>
    </ResourceCompile>
    <ResourceCompile Include="DeepSkyStackerLiveCAT.rc">
      <Filter>Resource Files</Filter>
    </ResourceCompile>
    <ResourceCompile Include="DeepSkyStackerLiveCN.rc">
      <Filter>Resource Files</Filter>
    </ResourceCompile>
    <ResourceCompile Include="DeepSkyStackerLiveCZ.rc">
      <Filter>Resource Files</Filter>
    </ResourceCompile>
    <ResourceCompile Include="DeepSkyStackerLiveDE.rc">
      <Filter>Resource Files</Filter>
    </ResourceCompile>
    <ResourceCompile Include="DeepSkyStackerLiveES.rc">
      <Filter>Resource Files</Filter>
    </ResourceCompile>
    <ResourceCompile Include="DeepSkyStackerLiveFR.rc">
      <Filter>Resource Files</Filter>
    </ResourceCompile>
    <ResourceCompile Include="DeepSkyStackerLiveIT.rc">
      <Filter>Resource Files</Filter>
    </ResourceCompile>
    <ResourceCompile Include="DeepSkyStackerLiveNL.rc">
      <Filter>Resource Files</Filter>
    </ResourceCompile>
    <ResourceCompile Include="DeepSkyStackerLivePTB.rc">
      <Filter>Resource Files</Filter>
    </ResourceCompile>
    <ResourceCompile Include="DeepSkyStackerLiveRO.rc">
      <Filter>Resource Files</Filter>
    </ResourceCompile>
    <ResourceCompile Include="DeepSkyStackerLiveRU.rc">
      <Filter>Resource Files</Filter>
    </ResourceCompile>
    <ResourceCompile Include="DeepSkyStackerLiveTR.rc">
      <Filter>Resource Files</Filter>
    </ResourceCompile>
  </ItemGroup>
  <ItemGroup>
    <QtMoc Include="DeepSkyStackerLive.h">
      <Filter>Header Files</Filter>
    </QtMoc>
    <QtMoc Include="..\Tools\QLinearGradientCtrl.h">
      <Filter>Tools</Filter>
    </QtMoc>
    <QtMoc Include="..\Tools\imageview.h">
      <Filter>Tools</Filter>
    </QtMoc>
    <QtMoc Include="imageviewer.h">
      <Filter>Header Files</Filter>
    </QtMoc>
    <QtMoc Include="settingstab.h">
      <Filter>Header Files</Filter>
    </QtMoc>
    <QtMoc Include="..\include\SmtpMime\mimecontentformatter.h">
      <Filter>Header Files\SmtpMime</Filter>
    </QtMoc>
    <QtMoc Include="..\include\SmtpMime\smtpclient.h">
      <Filter>Header Files\SmtpMime</Filter>
    </QtMoc>
    <QtMoc Include="emailsettings.h">
      <Filter>Header Files</Filter>
    </QtMoc>
    <QtMoc Include="foldermonitor.h">
      <Filter>Header Files</Filter>
    </QtMoc>
    <QtMoc Include="fileregistrar.h">
      <Filter>Header Files</Filter>
    </QtMoc>
    <QtMoc Include="progresslive.h">
      <Filter>Header Files</Filter>
    </QtMoc>
    <QtMoc Include="filestacker.h">
      <Filter>Header Files</Filter>
    </QtMoc>
    <QtMoc Include="RestartMonitoring.h">
      <Filter>Header Files</Filter>
    </QtMoc>
    <QtMoc Include="ChartTab.h">
      <Filter>Header Files</Filter>
    </QtMoc>
    <QtMoc Include="footprint.h">
      <Filter>Header Files</Filter>
    </QtMoc>
  </ItemGroup>
  <ItemGroup>
    <QtTranslation Include="i18n\DSSLive_ca.ts">
      <Filter>Qt\i18n</Filter>
    </QtTranslation>
    <QtTranslation Include="i18n\DSSLive_cs.ts">
      <Filter>Qt\i18n</Filter>
    </QtTranslation>
    <QtTranslation Include="i18n\DSSLive_de.ts">
      <Filter>Qt\i18n</Filter>
    </QtTranslation>
    <QtTranslation Include="i18n\DSSLive_en.ts">
      <Filter>Qt\i18n</Filter>
    </QtTranslation>
    <QtTranslation Include="i18n\DSSLive_es.ts">
      <Filter>Qt\i18n</Filter>
    </QtTranslation>
    <QtTranslation Include="i18n\DSSLive_fr.ts">
      <Filter>Qt\i18n</Filter>
    </QtTranslation>
    <QtTranslation Include="i18n\DSSLive_it.ts">
      <Filter>Qt\i18n</Filter>
    </QtTranslation>
    <QtTranslation Include="i18n\DSSLive_nl.ts">
      <Filter>Qt\i18n</Filter>
    </QtTranslation>
    <QtTranslation Include="i18n\DSSLive_pt_BR.ts">
      <Filter>Qt\i18n</Filter>
    </QtTranslation>
    <QtTranslation Include="i18n\DSSLive_ro.ts">
      <Filter>Qt\i18n</Filter>
    </QtTranslation>
    <QtTranslation Include="i18n\DSSLive_ru.ts">
      <Filter>Qt\i18n</Filter>
    </QtTranslation>
    <QtTranslation Include="i18n\DSSLive_tr.ts">
      <Filter>Qt\i18n</Filter>
    </QtTranslation>
    <QtTranslation Include="i18n\DSSLive_zh_TW.ts">
      <Filter>Qt\i18n</Filter>
    </QtTranslation>
    <QtTranslation Include="i18n\DSSLive_zh_CN.ts">
      <Filter>Qt\i18n</Filter>
    </QtTranslation>
  </ItemGroup>
  <ItemGroup>
    <QtRcc Include="i18n\translations.qrc">
      <Filter>Qt\i18n</Filter>
    </QtRcc>
    <QtRcc Include="resources.qrc">
      <Filter>Qt\ui</Filter>
    </QtRcc>
  </ItemGroup>
  <ItemGroup>
    <QtUic Include="ui\DeepSkyStackerLive.ui">
      <Filter>Qt\ui</Filter>
    </QtUic>
    <QtUic Include="ui\ImageViewer.ui">
      <Filter>Qt\ui</Filter>
    </QtUic>
    <QtUic Include="ui\SettingsTab.ui">
      <Filter>Qt\ui</Filter>
    </QtUic>
    <QtUic Include="ui\EmailSettings.ui">
      <Filter>Qt\ui</Filter>
    </QtUic>
    <QtUic Include="ui\RestartMonitoring.ui">
      <Filter>Qt\ui</Filter>
    </QtUic>
    <QtUic Include="ui\ChartTab.ui">
      <Filter>Qt\ui</Filter>
    </QtUic>
  </ItemGroup>
  <ItemGroup>
    <None Include="..\include\SmtpMime\SmtpMime">
      <Filter>Header Files\SmtpMime</Filter>
    </None>
  </ItemGroup>
</Project>