
Microsoft Visual Studio Solution File, Format Version 12.00
# Visual Studio 14
VisualStudioVersion = 14.0.25420.1
MinimumVisualStudioVersion = 10.0.40219.1
Project("{8BC9CEB8-8B4A-11D0-8D11-00A0C91BC942}") = "DeepSkyStacker", "DeepSkyStacker.vcxproj", "{BB0C439D-E5D0-4F4D-8EAA-21002CE38AAD}"
EndProject
Project("{8BC9CEB8-8B4A-11D0-8D11-00A0C91BC942}") = "libtiff", "..\LibTiff\libtiff.vcxproj", "{0CDBCC5C-1471-4A58-9F78-AAE5E71BF558}"
EndProject
Project("{8BC9CEB8-8B4A-11D0-8D11-00A0C91BC942}") = "CFitsIO", "..\CFitsIO\CFitsIO.vcxproj", "{1DA78423-02FF-44B6-8F70-89A9C2794650}"
EndProject
Global
	GlobalSection(SolutionConfigurationPlatforms) = preSolution
		Debug Unicode|x64 = Debug Unicode|x64
		Debug Unicode|x86 = Debug Unicode|x86
		Debug|x64 = Debug|x64
		Debug|x86 = Debug|x86
		Release Debug Info|x64 = Release Debug Info|x64
		Release Debug Info|x86 = Release Debug Info|x86
		Release Debug|x64 = Release Debug|x64
		Release Debug|x86 = Release Debug|x86
		Release Unicode|x64 = Release Unicode|x64
		Release Unicode|x86 = Release Unicode|x86
		Release|x64 = Release|x64
		Release|x86 = Release|x86
		Static Debug Unicode|x64 = Static Debug Unicode|x64
		Static Debug Unicode|x86 = Static Debug Unicode|x86
		Static Debug|x64 = Static Debug|x64
		Static Debug|x86 = Static Debug|x86
		Static Release Unicode|x64 = Static Release Unicode|x64
		Static Release Unicode|x86 = Static Release Unicode|x86
		Static Release|x64 = Static Release|x64
		Static Release|x86 = Static Release|x86
		Template|x64 = Template|x64
		Template|x86 = Template|x86
	EndGlobalSection
	GlobalSection(ProjectConfigurationPlatforms) = postSolution
		{BB0C439D-E5D0-4F4D-8EAA-21002CE38AAD}.Debug Unicode|x64.ActiveCfg = Release|Win32
		{BB0C439D-E5D0-4F4D-8EAA-21002CE38AAD}.Debug Unicode|x64.Build.0 = Release|Win32
		{BB0C439D-E5D0-4F4D-8EAA-21002CE38AAD}.Debug Unicode|x86.ActiveCfg = Debug|Win32
		{BB0C439D-E5D0-4F4D-8EAA-21002CE38AAD}.Debug Unicode|x86.Build.0 = Debug|Win32
		{BB0C439D-E5D0-4F4D-8EAA-21002CE38AAD}.Debug|x64.ActiveCfg = Debug|Win32
		{BB0C439D-E5D0-4F4D-8EAA-21002CE38AAD}.Debug|x86.ActiveCfg = Debug|Win32
		{BB0C439D-E5D0-4F4D-8EAA-21002CE38AAD}.Debug|x86.Build.0 = Debug|Win32
		{BB0C439D-E5D0-4F4D-8EAA-21002CE38AAD}.Release Debug Info|x64.ActiveCfg = Release Debug Info|Win32
		{BB0C439D-E5D0-4F4D-8EAA-21002CE38AAD}.Release Debug Info|x86.ActiveCfg = Release Debug Info|Win32
		{BB0C439D-E5D0-4F4D-8EAA-21002CE38AAD}.Release Debug Info|x86.Build.0 = Release Debug Info|Win32
		{BB0C439D-E5D0-4F4D-8EAA-21002CE38AAD}.Release Debug|x64.ActiveCfg = Release|Win32
		{BB0C439D-E5D0-4F4D-8EAA-21002CE38AAD}.Release Debug|x64.Build.0 = Release|Win32
		{BB0C439D-E5D0-4F4D-8EAA-21002CE38AAD}.Release Debug|x86.ActiveCfg = Release Debug Info|Win32
		{BB0C439D-E5D0-4F4D-8EAA-21002CE38AAD}.Release Debug|x86.Build.0 = Release Debug Info|Win32
		{BB0C439D-E5D0-4F4D-8EAA-21002CE38AAD}.Release Unicode|x64.ActiveCfg = Release|Win32
		{BB0C439D-E5D0-4F4D-8EAA-21002CE38AAD}.Release Unicode|x64.Build.0 = Release|Win32
		{BB0C439D-E5D0-4F4D-8EAA-21002CE38AAD}.Release Unicode|x86.ActiveCfg = Release Debug Info|Win32
		{BB0C439D-E5D0-4F4D-8EAA-21002CE38AAD}.Release Unicode|x86.Build.0 = Release Debug Info|Win32
		{BB0C439D-E5D0-4F4D-8EAA-21002CE38AAD}.Release|x64.ActiveCfg = Release|Win32
		{BB0C439D-E5D0-4F4D-8EAA-21002CE38AAD}.Release|x86.ActiveCfg = Release|Win32
		{BB0C439D-E5D0-4F4D-8EAA-21002CE38AAD}.Release|x86.Build.0 = Release|Win32
		{BB0C439D-E5D0-4F4D-8EAA-21002CE38AAD}.Static Debug Unicode|x64.ActiveCfg = Release|Win32
		{BB0C439D-E5D0-4F4D-8EAA-21002CE38AAD}.Static Debug Unicode|x64.Build.0 = Release|Win32
		{BB0C439D-E5D0-4F4D-8EAA-21002CE38AAD}.Static Debug Unicode|x86.ActiveCfg = Debug|Win32
		{BB0C439D-E5D0-4F4D-8EAA-21002CE38AAD}.Static Debug Unicode|x86.Build.0 = Debug|Win32
		{BB0C439D-E5D0-4F4D-8EAA-21002CE38AAD}.Static Debug|x64.ActiveCfg = Release|Win32
		{BB0C439D-E5D0-4F4D-8EAA-21002CE38AAD}.Static Debug|x64.Build.0 = Release|Win32
		{BB0C439D-E5D0-4F4D-8EAA-21002CE38AAD}.Static Debug|x86.ActiveCfg = Debug|Win32
		{BB0C439D-E5D0-4F4D-8EAA-21002CE38AAD}.Static Debug|x86.Build.0 = Debug|Win32
		{BB0C439D-E5D0-4F4D-8EAA-21002CE38AAD}.Static Release Unicode|x64.ActiveCfg = Release|Win32
		{BB0C439D-E5D0-4F4D-8EAA-21002CE38AAD}.Static Release Unicode|x64.Build.0 = Release|Win32
		{BB0C439D-E5D0-4F4D-8EAA-21002CE38AAD}.Static Release Unicode|x86.ActiveCfg = Release|Win32
		{BB0C439D-E5D0-4F4D-8EAA-21002CE38AAD}.Static Release Unicode|x86.Build.0 = Release|Win32
		{BB0C439D-E5D0-4F4D-8EAA-21002CE38AAD}.Static Release|x64.ActiveCfg = Release|Win32
		{BB0C439D-E5D0-4F4D-8EAA-21002CE38AAD}.Static Release|x64.Build.0 = Release|Win32
		{BB0C439D-E5D0-4F4D-8EAA-21002CE38AAD}.Static Release|x86.ActiveCfg = Release|Win32
		{BB0C439D-E5D0-4F4D-8EAA-21002CE38AAD}.Static Release|x86.Build.0 = Release|Win32
		{BB0C439D-E5D0-4F4D-8EAA-21002CE38AAD}.Template|x64.ActiveCfg = Release|Win32
		{BB0C439D-E5D0-4F4D-8EAA-21002CE38AAD}.Template|x64.Build.0 = Release|Win32
		{BB0C439D-E5D0-4F4D-8EAA-21002CE38AAD}.Template|x86.ActiveCfg = Release Debug Info|Win32
		{BB0C439D-E5D0-4F4D-8EAA-21002CE38AAD}.Template|x86.Build.0 = Release Debug Info|Win32
		{0CDBCC5C-1471-4A58-9F78-AAE5E71BF558}.Debug Unicode|x64.ActiveCfg = Template|Win32
		{0CDBCC5C-1471-4A58-9F78-AAE5E71BF558}.Debug Unicode|x64.Build.0 = Template|Win32
		{0CDBCC5C-1471-4A58-9F78-AAE5E71BF558}.Debug Unicode|x86.ActiveCfg = Debug|Win32
		{0CDBCC5C-1471-4A58-9F78-AAE5E71BF558}.Debug Unicode|x86.Build.0 = Debug|Win32
		{0CDBCC5C-1471-4A58-9F78-AAE5E71BF558}.Debug|x64.ActiveCfg = Debug|Win32
		{0CDBCC5C-1471-4A58-9F78-AAE5E71BF558}.Debug|x86.ActiveCfg = Debug|Win32
		{0CDBCC5C-1471-4A58-9F78-AAE5E71BF558}.Debug|x86.Build.0 = Debug|Win32
		{0CDBCC5C-1471-4A58-9F78-AAE5E71BF558}.Release Debug Info|x64.ActiveCfg = Release Debug Info|Win32
		{0CDBCC5C-1471-4A58-9F78-AAE5E71BF558}.Release Debug Info|x86.ActiveCfg = Release Debug Info|Win32
		{0CDBCC5C-1471-4A58-9F78-AAE5E71BF558}.Release Debug Info|x86.Build.0 = Release Debug Info|Win32
		{0CDBCC5C-1471-4A58-9F78-AAE5E71BF558}.Release Debug|x64.ActiveCfg = Template|Win32
		{0CDBCC5C-1471-4A58-9F78-AAE5E71BF558}.Release Debug|x64.Build.0 = Template|Win32
		{0CDBCC5C-1471-4A58-9F78-AAE5E71BF558}.Release Debug|x86.ActiveCfg = Release Debug Info|Win32
		{0CDBCC5C-1471-4A58-9F78-AAE5E71BF558}.Release Debug|x86.Build.0 = Release Debug Info|Win32
		{0CDBCC5C-1471-4A58-9F78-AAE5E71BF558}.Release Unicode|x64.ActiveCfg = Template|Win32
		{0CDBCC5C-1471-4A58-9F78-AAE5E71BF558}.Release Unicode|x64.Build.0 = Template|Win32
		{0CDBCC5C-1471-4A58-9F78-AAE5E71BF558}.Release Unicode|x86.ActiveCfg = Release Debug Info|Win32
		{0CDBCC5C-1471-4A58-9F78-AAE5E71BF558}.Release Unicode|x86.Build.0 = Release Debug Info|Win32
		{0CDBCC5C-1471-4A58-9F78-AAE5E71BF558}.Release|x64.ActiveCfg = Release|Win32
		{0CDBCC5C-1471-4A58-9F78-AAE5E71BF558}.Release|x86.ActiveCfg = Release|Win32
		{0CDBCC5C-1471-4A58-9F78-AAE5E71BF558}.Release|x86.Build.0 = Release|Win32
		{0CDBCC5C-1471-4A58-9F78-AAE5E71BF558}.Static Debug Unicode|x64.ActiveCfg = Template|Win32
		{0CDBCC5C-1471-4A58-9F78-AAE5E71BF558}.Static Debug Unicode|x64.Build.0 = Template|Win32
		{0CDBCC5C-1471-4A58-9F78-AAE5E71BF558}.Static Debug Unicode|x86.ActiveCfg = Debug|Win32
		{0CDBCC5C-1471-4A58-9F78-AAE5E71BF558}.Static Debug Unicode|x86.Build.0 = Debug|Win32
		{0CDBCC5C-1471-4A58-9F78-AAE5E71BF558}.Static Debug|x64.ActiveCfg = Template|Win32
		{0CDBCC5C-1471-4A58-9F78-AAE5E71BF558}.Static Debug|x64.Build.0 = Template|Win32
		{0CDBCC5C-1471-4A58-9F78-AAE5E71BF558}.Static Debug|x86.ActiveCfg = Debug|Win32
		{0CDBCC5C-1471-4A58-9F78-AAE5E71BF558}.Static Debug|x86.Build.0 = Debug|Win32
		{0CDBCC5C-1471-4A58-9F78-AAE5E71BF558}.Static Release Unicode|x64.ActiveCfg = Template|Win32
		{0CDBCC5C-1471-4A58-9F78-AAE5E71BF558}.Static Release Unicode|x64.Build.0 = Template|Win32
		{0CDBCC5C-1471-4A58-9F78-AAE5E71BF558}.Static Release Unicode|x86.ActiveCfg = Release|Win32
		{0CDBCC5C-1471-4A58-9F78-AAE5E71BF558}.Static Release Unicode|x86.Build.0 = Release|Win32
		{0CDBCC5C-1471-4A58-9F78-AAE5E71BF558}.Static Release|x64.ActiveCfg = Template|Win32
		{0CDBCC5C-1471-4A58-9F78-AAE5E71BF558}.Static Release|x64.Build.0 = Template|Win32
		{0CDBCC5C-1471-4A58-9F78-AAE5E71BF558}.Static Release|x86.ActiveCfg = Release|Win32
		{0CDBCC5C-1471-4A58-9F78-AAE5E71BF558}.Static Release|x86.Build.0 = Release|Win32
		{0CDBCC5C-1471-4A58-9F78-AAE5E71BF558}.Template|x64.ActiveCfg = Template|Win32
		{0CDBCC5C-1471-4A58-9F78-AAE5E71BF558}.Template|x86.ActiveCfg = Template|Win32
		{0CDBCC5C-1471-4A58-9F78-AAE5E71BF558}.Template|x86.Build.0 = Template|Win32
		{1DA78423-02FF-44B6-8F70-89A9C2794650}.Debug Unicode|x64.ActiveCfg = Debug|x64
		{1DA78423-02FF-44B6-8F70-89A9C2794650}.Debug Unicode|x64.Build.0 = Debug|x64
		{1DA78423-02FF-44B6-8F70-89A9C2794650}.Debug Unicode|x86.ActiveCfg = Debug|Win32
		{1DA78423-02FF-44B6-8F70-89A9C2794650}.Debug Unicode|x86.Build.0 = Debug|Win32
		{1DA78423-02FF-44B6-8F70-89A9C2794650}.Debug|x64.ActiveCfg = Debug|x64
		{1DA78423-02FF-44B6-8F70-89A9C2794650}.Debug|x64.Build.0 = Debug|x64
		{1DA78423-02FF-44B6-8F70-89A9C2794650}.Debug|x86.ActiveCfg = Debug|Win32
		{1DA78423-02FF-44B6-8F70-89A9C2794650}.Debug|x86.Build.0 = Debug|Win32
		{1DA78423-02FF-44B6-8F70-89A9C2794650}.Release Debug Info|x64.ActiveCfg = Release|x64
		{1DA78423-02FF-44B6-8F70-89A9C2794650}.Release Debug Info|x64.Build.0 = Release|x64
		{1DA78423-02FF-44B6-8F70-89A9C2794650}.Release Debug Info|x86.ActiveCfg = Release|Win32
		{1DA78423-02FF-44B6-8F70-89A9C2794650}.Release Debug Info|x86.Build.0 = Release|Win32
		{1DA78423-02FF-44B6-8F70-89A9C2794650}.Release Debug|x64.ActiveCfg = Release|x64
		{1DA78423-02FF-44B6-8F70-89A9C2794650}.Release Debug|x64.Build.0 = Release|x64
		{1DA78423-02FF-44B6-8F70-89A9C2794650}.Release Debug|x86.ActiveCfg = Release|Win32
		{1DA78423-02FF-44B6-8F70-89A9C2794650}.Release Debug|x86.Build.0 = Release|Win32
		{1DA78423-02FF-44B6-8F70-89A9C2794650}.Release Unicode|x64.ActiveCfg = Release|x64
		{1DA78423-02FF-44B6-8F70-89A9C2794650}.Release Unicode|x64.Build.0 = Release|x64
		{1DA78423-02FF-44B6-8F70-89A9C2794650}.Release Unicode|x86.ActiveCfg = Release|Win32
		{1DA78423-02FF-44B6-8F70-89A9C2794650}.Release Unicode|x86.Build.0 = Release|Win32
		{1DA78423-02FF-44B6-8F70-89A9C2794650}.Release|x64.ActiveCfg = Release|x64
		{1DA78423-02FF-44B6-8F70-89A9C2794650}.Release|x64.Build.0 = Release|x64
		{1DA78423-02FF-44B6-8F70-89A9C2794650}.Release|x86.ActiveCfg = Release|Win32
		{1DA78423-02FF-44B6-8F70-89A9C2794650}.Release|x86.Build.0 = Release|Win32
		{1DA78423-02FF-44B6-8F70-89A9C2794650}.Static Debug Unicode|x64.ActiveCfg = Debug|x64
		{1DA78423-02FF-44B6-8F70-89A9C2794650}.Static Debug Unicode|x64.Build.0 = Debug|x64
		{1DA78423-02FF-44B6-8F70-89A9C2794650}.Static Debug Unicode|x86.ActiveCfg = Debug|Win32
		{1DA78423-02FF-44B6-8F70-89A9C2794650}.Static Debug Unicode|x86.Build.0 = Debug|Win32
		{1DA78423-02FF-44B6-8F70-89A9C2794650}.Static Debug|x64.ActiveCfg = Debug|x64
		{1DA78423-02FF-44B6-8F70-89A9C2794650}.Static Debug|x64.Build.0 = Debug|x64
		{1DA78423-02FF-44B6-8F70-89A9C2794650}.Static Debug|x86.ActiveCfg = Debug|Win32
		{1DA78423-02FF-44B6-8F70-89A9C2794650}.Static Debug|x86.Build.0 = Debug|Win32
		{1DA78423-02FF-44B6-8F70-89A9C2794650}.Static Release Unicode|x64.ActiveCfg = Release|x64
		{1DA78423-02FF-44B6-8F70-89A9C2794650}.Static Release Unicode|x64.Build.0 = Release|x64
		{1DA78423-02FF-44B6-8F70-89A9C2794650}.Static Release Unicode|x86.ActiveCfg = Release|Win32
		{1DA78423-02FF-44B6-8F70-89A9C2794650}.Static Release Unicode|x86.Build.0 = Release|Win32
		{1DA78423-02FF-44B6-8F70-89A9C2794650}.Static Release|x64.ActiveCfg = Release|x64
		{1DA78423-02FF-44B6-8F70-89A9C2794650}.Static Release|x64.Build.0 = Release|x64
		{1DA78423-02FF-44B6-8F70-89A9C2794650}.Static Release|x86.ActiveCfg = Release|Win32
		{1DA78423-02FF-44B6-8F70-89A9C2794650}.Static Release|x86.Build.0 = Release|Win32
		{1DA78423-02FF-44B6-8F70-89A9C2794650}.Template|x64.ActiveCfg = Release|x64
		{1DA78423-02FF-44B6-8F70-89A9C2794650}.Template|x64.Build.0 = Release|x64
		{1DA78423-02FF-44B6-8F70-89A9C2794650}.Template|x86.ActiveCfg = Release|Win32
		{1DA78423-02FF-44B6-8F70-89A9C2794650}.Template|x86.Build.0 = Release|Win32
	EndGlobalSection
	GlobalSection(SolutionProperties) = preSolution
		HideSolutionNode = FALSE
	EndGlobalSection
EndGlobal
