
Microsoft Visual Studio Solution File, Format Version 12.00
# Visual Studio 15
VisualStudioVersion = 15.0.27130.2010
MinimumVisualStudioVersion = 10.0.40219.1
Project("{2150E333-8FDC-42A3-9474-1A3956D46DE8}") = "Libraries", "Libraries", "{A8F4069D-F6D1-4A9A-A4E5-9A22B411D691}"
EndProject
Project("{2150E333-8FDC-42A3-9474-1A3956D46DE8}") = "QHTML Libs", "QHTML Libs", "{6C600366-CF2D-4AD7-AF52-44204AFAC3E8}"
EndProject
Project("{8BC9CEB8-8B4A-11D0-8D11-00A0C91BC942}") = "DeepSkyStackerCL", "..\DeepSkyStackerCL\DeepSkyStackerCL.vcxproj", "{CB7B75F1-08F4-4C8D-A7EF-29CDCE9A67F1}"
	ProjectSection(ProjectDependencies) = postProject
		{4575815D-1EFF-4AFF-B21C-0707E3C51A8D} = {4575815D-1EFF-4AFF-B21C-0707E3C51A8D}
		{0F1D6674-D802-4AC0-A4C3-14FCB8EE8854} = {0F1D6674-D802-4AC0-A4C3-14FCB8EE8854}
		{AFE2867B-EABF-4820-9C05-0DB3C4EB30A7} = {AFE2867B-EABF-4820-9C05-0DB3C4EB30A7}
		{F601E087-97A7-40A5-9536-0CFCB66B33C2} = {F601E087-97A7-40A5-9536-0CFCB66B33C2}
		{2FEDB691-B909-4549-BB60-609AB6AA6BEC} = {2FEDB691-B909-4549-BB60-609AB6AA6BEC}
		{39E3B29D-D9B3-4352-BB7E-ED135FC13E30} = {39E3B29D-D9B3-4352-BB7E-ED135FC13E30}
		{A2F500C6-6903-4C2D-906D-CE86B99BA50D} = {A2F500C6-6903-4C2D-906D-CE86B99BA50D}
	EndProjectSection
EndProject
Project("{8BC9CEB8-8B4A-11D0-8D11-00A0C91BC942}") = "libtiff", "..\LibTiff\libtiffv8.vcxproj", "{D5FB2402-A821-4474-91E7-07F0DD5866F0}"
EndProject
Project("{8BC9CEB8-8B4A-11D0-8D11-00A0C91BC942}") = "DeepSkyStackerLive", "..\DeepSkyStackerLive\DeepSkyStackerLive.vcxproj", "{6290D6C2-900F-496C-A522-D5C8BF807066}"
	ProjectSection(ProjectDependencies) = postProject
		{4575815D-1EFF-4AFF-B21C-0707E3C51A8D} = {4575815D-1EFF-4AFF-B21C-0707E3C51A8D}
		{0F1D6674-D802-4AC0-A4C3-14FCB8EE8854} = {0F1D6674-D802-4AC0-A4C3-14FCB8EE8854}
		{AFE2867B-EABF-4820-9C05-0DB3C4EB30A7} = {AFE2867B-EABF-4820-9C05-0DB3C4EB30A7}
		{F601E087-97A7-40A5-9536-0CFCB66B33C2} = {F601E087-97A7-40A5-9536-0CFCB66B33C2}
		{2FEDB691-B909-4549-BB60-609AB6AA6BEC} = {2FEDB691-B909-4549-BB60-609AB6AA6BEC}
		{39E3B29D-D9B3-4352-BB7E-ED135FC13E30} = {39E3B29D-D9B3-4352-BB7E-ED135FC13E30}
		{A2F500C6-6903-4C2D-906D-CE86B99BA50D} = {A2F500C6-6903-4C2D-906D-CE86B99BA50D}
	EndProjectSection
EndProject
Project("{8BC9CEB8-8B4A-11D0-8D11-00A0C91BC942}") = "datasource", "..\QHTML_Static\datasource\datasource.vcxproj", "{F601E087-97A7-40A5-9536-0CFCB66B33C2}"
EndProject
Project("{8BC9CEB8-8B4A-11D0-8D11-00A0C91BC942}") = "DebugHlp", "..\QHTML_Static\debughlp\DebugHlp.vcxproj", "{AFE2867B-EABF-4820-9C05-0DB3C4EB30A7}"
EndProject
Project("{8BC9CEB8-8B4A-11D0-8D11-00A0C91BC942}") = "guitools", "..\QHTML_Static\guitools\guitools.vcxproj", "{39E3B29D-D9B3-4352-BB7E-ED135FC13E30}"
EndProject
Project("{8BC9CEB8-8B4A-11D0-8D11-00A0C91BC942}") = "imglib", "..\QHTML_Static\imglib\imglib.vcxproj", "{2FEDB691-B909-4549-BB60-609AB6AA6BEC}"
EndProject
Project("{8BC9CEB8-8B4A-11D0-8D11-00A0C91BC942}") = "libjpg", "..\QHTML_Static\libjpg\libjpg.vcxproj", "{A2F500C6-6903-4C2D-906D-CE86B99BA50D}"
EndProject
Project("{8BC9CEB8-8B4A-11D0-8D11-00A0C91BC942}") = "qhtm", "..\QHTML_Static\qhtm\qhtm.vcxproj", "{4575815D-1EFF-4AFF-B21C-0707E3C51A8D}"
EndProject
Project("{8BC9CEB8-8B4A-11D0-8D11-00A0C91BC942}") = "lcms", "..\lcms\Projects\VC2005\lcms.vcxproj", "{0F1D6674-D802-4AC0-A4C3-14FCB8EE8854}"
EndProject
Project("{8BC9CEB8-8B4A-11D0-8D11-00A0C91BC942}") = "DeepSkyStacker", "DeepSkyStacker.vcxproj", "{90721C24-BC43-450A-ADED-3417280D075B}"
	ProjectSection(ProjectDependencies) = postProject
		{0F1D6674-D802-4AC0-A4C3-14FCB8EE8854} = {0F1D6674-D802-4AC0-A4C3-14FCB8EE8854}
	EndProjectSection
EndProject
Global
	GlobalSection(SolutionConfigurationPlatforms) = preSolution
		Debug Light|Win32 = Debug Light|Win32
		Debug Light|x64 = Debug Light|x64
		Debug Unicode|Win32 = Debug Unicode|Win32
		Debug Unicode|x64 = Debug Unicode|x64
		Debug|Win32 = Debug|Win32
		Debug|x64 = Debug|x64
		DLL ASM Debug|Win32 = DLL ASM Debug|Win32
		DLL ASM Debug|x64 = DLL ASM Debug|x64
		DLL ASM Release|Win32 = DLL ASM Release|Win32
		DLL ASM Release|x64 = DLL ASM Release|x64
		DLL Debug|Win32 = DLL Debug|Win32
		DLL Debug|x64 = DLL Debug|x64
		DLL Release|Win32 = DLL Release|Win32
		DLL Release|x64 = DLL Release|x64
		LIB ASM Debug|Win32 = LIB ASM Debug|Win32
		LIB ASM Debug|x64 = LIB ASM Debug|x64
		LIB ASM Release|Win32 = LIB ASM Release|Win32
		LIB ASM Release|x64 = LIB ASM Release|x64
		LIB Debug|Win32 = LIB Debug|Win32
		LIB Debug|x64 = LIB Debug|x64
		LIB Release|Win32 = LIB Release|Win32
		LIB Release|x64 = LIB Release|x64
		Release Debug Info|Win32 = Release Debug Info|Win32
		Release Debug Info|x64 = Release Debug Info|x64
		Release Debug|Win32 = Release Debug|Win32
		Release Debug|x64 = Release Debug|x64
		Release Light|Win32 = Release Light|Win32
		Release Light|x64 = Release Light|x64
		Release Unicode|Win32 = Release Unicode|Win32
		Release Unicode|x64 = Release Unicode|x64
		Release|Win32 = Release|Win32
		Release|x64 = Release|x64
		Static Debug Unicode|Win32 = Static Debug Unicode|Win32
		Static Debug Unicode|x64 = Static Debug Unicode|x64
		Static Debug|Win32 = Static Debug|Win32
		Static Debug|x64 = Static Debug|x64
		Static Release Unicode|Win32 = Static Release Unicode|Win32
		Static Release Unicode|x64 = Static Release Unicode|x64
		Static Release|Win32 = Static Release|Win32
		Static Release|x64 = Static Release|x64
	EndGlobalSection
	GlobalSection(ProjectConfigurationPlatforms) = postSolution
		{CB7B75F1-08F4-4C8D-A7EF-29CDCE9A67F1}.Debug Light|Win32.ActiveCfg = Debug|Win32
		{CB7B75F1-08F4-4C8D-A7EF-29CDCE9A67F1}.Debug Light|Win32.Build.0 = Debug|Win32
		{CB7B75F1-08F4-4C8D-A7EF-29CDCE9A67F1}.Debug Light|x64.ActiveCfg = Debug|x64
		{CB7B75F1-08F4-4C8D-A7EF-29CDCE9A67F1}.Debug Light|x64.Build.0 = Debug|x64
		{CB7B75F1-08F4-4C8D-A7EF-29CDCE9A67F1}.Debug Unicode|Win32.ActiveCfg = Debug|x64
		{CB7B75F1-08F4-4C8D-A7EF-29CDCE9A67F1}.Debug Unicode|x64.ActiveCfg = Debug|x64
		{CB7B75F1-08F4-4C8D-A7EF-29CDCE9A67F1}.Debug Unicode|x64.Build.0 = Debug|x64
		{CB7B75F1-08F4-4C8D-A7EF-29CDCE9A67F1}.Debug|Win32.ActiveCfg = Debug|Win32
		{CB7B75F1-08F4-4C8D-A7EF-29CDCE9A67F1}.Debug|Win32.Build.0 = Debug|Win32
		{CB7B75F1-08F4-4C8D-A7EF-29CDCE9A67F1}.Debug|x64.ActiveCfg = Debug|x64
		{CB7B75F1-08F4-4C8D-A7EF-29CDCE9A67F1}.Debug|x64.Build.0 = Debug|x64
		{CB7B75F1-08F4-4C8D-A7EF-29CDCE9A67F1}.DLL ASM Debug|Win32.ActiveCfg = Debug|Win32
		{CB7B75F1-08F4-4C8D-A7EF-29CDCE9A67F1}.DLL ASM Debug|Win32.Build.0 = Debug|Win32
		{CB7B75F1-08F4-4C8D-A7EF-29CDCE9A67F1}.DLL ASM Debug|x64.ActiveCfg = Debug|x64
		{CB7B75F1-08F4-4C8D-A7EF-29CDCE9A67F1}.DLL ASM Debug|x64.Build.0 = Debug|x64
		{CB7B75F1-08F4-4C8D-A7EF-29CDCE9A67F1}.DLL ASM Release|Win32.ActiveCfg = Release|Win32
		{CB7B75F1-08F4-4C8D-A7EF-29CDCE9A67F1}.DLL ASM Release|Win32.Build.0 = Release|Win32
		{CB7B75F1-08F4-4C8D-A7EF-29CDCE9A67F1}.DLL ASM Release|x64.ActiveCfg = Release|x64
		{CB7B75F1-08F4-4C8D-A7EF-29CDCE9A67F1}.DLL ASM Release|x64.Build.0 = Release|x64
		{CB7B75F1-08F4-4C8D-A7EF-29CDCE9A67F1}.DLL Debug|Win32.ActiveCfg = Debug|Win32
		{CB7B75F1-08F4-4C8D-A7EF-29CDCE9A67F1}.DLL Debug|Win32.Build.0 = Debug|Win32
		{CB7B75F1-08F4-4C8D-A7EF-29CDCE9A67F1}.DLL Debug|x64.ActiveCfg = Debug|x64
		{CB7B75F1-08F4-4C8D-A7EF-29CDCE9A67F1}.DLL Debug|x64.Build.0 = Debug|x64
		{CB7B75F1-08F4-4C8D-A7EF-29CDCE9A67F1}.DLL Release|Win32.ActiveCfg = Release|Win32
		{CB7B75F1-08F4-4C8D-A7EF-29CDCE9A67F1}.DLL Release|Win32.Build.0 = Release|Win32
		{CB7B75F1-08F4-4C8D-A7EF-29CDCE9A67F1}.DLL Release|x64.ActiveCfg = Release|x64
		{CB7B75F1-08F4-4C8D-A7EF-29CDCE9A67F1}.DLL Release|x64.Build.0 = Release|x64
		{CB7B75F1-08F4-4C8D-A7EF-29CDCE9A67F1}.LIB ASM Debug|Win32.ActiveCfg = Debug|Win32
		{CB7B75F1-08F4-4C8D-A7EF-29CDCE9A67F1}.LIB ASM Debug|Win32.Build.0 = Debug|Win32
		{CB7B75F1-08F4-4C8D-A7EF-29CDCE9A67F1}.LIB ASM Debug|x64.ActiveCfg = Debug|x64
		{CB7B75F1-08F4-4C8D-A7EF-29CDCE9A67F1}.LIB ASM Debug|x64.Build.0 = Debug|x64
		{CB7B75F1-08F4-4C8D-A7EF-29CDCE9A67F1}.LIB ASM Release|Win32.ActiveCfg = Release|Win32
		{CB7B75F1-08F4-4C8D-A7EF-29CDCE9A67F1}.LIB ASM Release|Win32.Build.0 = Release|Win32
		{CB7B75F1-08F4-4C8D-A7EF-29CDCE9A67F1}.LIB ASM Release|x64.ActiveCfg = Release|x64
		{CB7B75F1-08F4-4C8D-A7EF-29CDCE9A67F1}.LIB ASM Release|x64.Build.0 = Release|x64
		{CB7B75F1-08F4-4C8D-A7EF-29CDCE9A67F1}.LIB Debug|Win32.ActiveCfg = Debug|Win32
		{CB7B75F1-08F4-4C8D-A7EF-29CDCE9A67F1}.LIB Debug|Win32.Build.0 = Debug|Win32
		{CB7B75F1-08F4-4C8D-A7EF-29CDCE9A67F1}.LIB Debug|x64.ActiveCfg = Debug|x64
		{CB7B75F1-08F4-4C8D-A7EF-29CDCE9A67F1}.LIB Debug|x64.Build.0 = Debug|x64
		{CB7B75F1-08F4-4C8D-A7EF-29CDCE9A67F1}.LIB Release|Win32.ActiveCfg = Release|Win32
		{CB7B75F1-08F4-4C8D-A7EF-29CDCE9A67F1}.LIB Release|Win32.Build.0 = Release|Win32
		{CB7B75F1-08F4-4C8D-A7EF-29CDCE9A67F1}.LIB Release|x64.ActiveCfg = Release|x64
		{CB7B75F1-08F4-4C8D-A7EF-29CDCE9A67F1}.LIB Release|x64.Build.0 = Release|x64
		{CB7B75F1-08F4-4C8D-A7EF-29CDCE9A67F1}.Release Debug Info|Win32.ActiveCfg = Release Debug|x64
		{CB7B75F1-08F4-4C8D-A7EF-29CDCE9A67F1}.Release Debug Info|x64.ActiveCfg = Release Debug|x64
		{CB7B75F1-08F4-4C8D-A7EF-29CDCE9A67F1}.Release Debug Info|x64.Build.0 = Release Debug|x64
		{CB7B75F1-08F4-4C8D-A7EF-29CDCE9A67F1}.Release Debug|Win32.ActiveCfg = Release Debug|Win32
		{CB7B75F1-08F4-4C8D-A7EF-29CDCE9A67F1}.Release Debug|x64.ActiveCfg = Release Debug|x64
		{CB7B75F1-08F4-4C8D-A7EF-29CDCE9A67F1}.Release Debug|x64.Build.0 = Release Debug|x64
		{CB7B75F1-08F4-4C8D-A7EF-29CDCE9A67F1}.Release Light|Win32.ActiveCfg = Release Debug|x64
		{CB7B75F1-08F4-4C8D-A7EF-29CDCE9A67F1}.Release Light|x64.ActiveCfg = Release Debug|x64
		{CB7B75F1-08F4-4C8D-A7EF-29CDCE9A67F1}.Release Light|x64.Build.0 = Release Debug|x64
		{CB7B75F1-08F4-4C8D-A7EF-29CDCE9A67F1}.Release Unicode|Win32.ActiveCfg = Release Debug|x64
		{CB7B75F1-08F4-4C8D-A7EF-29CDCE9A67F1}.Release Unicode|x64.ActiveCfg = Release Debug|x64
		{CB7B75F1-08F4-4C8D-A7EF-29CDCE9A67F1}.Release Unicode|x64.Build.0 = Release Debug|x64
		{CB7B75F1-08F4-4C8D-A7EF-29CDCE9A67F1}.Release|Win32.ActiveCfg = Release|Win32
		{CB7B75F1-08F4-4C8D-A7EF-29CDCE9A67F1}.Release|Win32.Build.0 = Release|Win32
		{CB7B75F1-08F4-4C8D-A7EF-29CDCE9A67F1}.Release|x64.ActiveCfg = Release|x64
		{CB7B75F1-08F4-4C8D-A7EF-29CDCE9A67F1}.Release|x64.Build.0 = Release|x64
		{CB7B75F1-08F4-4C8D-A7EF-29CDCE9A67F1}.Static Debug Unicode|Win32.ActiveCfg = Debug|x64
		{CB7B75F1-08F4-4C8D-A7EF-29CDCE9A67F1}.Static Debug Unicode|x64.ActiveCfg = Debug|x64
		{CB7B75F1-08F4-4C8D-A7EF-29CDCE9A67F1}.Static Debug Unicode|x64.Build.0 = Debug|x64
		{CB7B75F1-08F4-4C8D-A7EF-29CDCE9A67F1}.Static Debug|Win32.ActiveCfg = Debug|Win32
		{CB7B75F1-08F4-4C8D-A7EF-29CDCE9A67F1}.Static Debug|Win32.Build.0 = Debug|Win32
		{CB7B75F1-08F4-4C8D-A7EF-29CDCE9A67F1}.Static Debug|x64.ActiveCfg = Debug|x64
		{CB7B75F1-08F4-4C8D-A7EF-29CDCE9A67F1}.Static Debug|x64.Build.0 = Debug|x64
		{CB7B75F1-08F4-4C8D-A7EF-29CDCE9A67F1}.Static Release Unicode|Win32.ActiveCfg = Release|x64
		{CB7B75F1-08F4-4C8D-A7EF-29CDCE9A67F1}.Static Release Unicode|x64.ActiveCfg = Release|x64
		{CB7B75F1-08F4-4C8D-A7EF-29CDCE9A67F1}.Static Release Unicode|x64.Build.0 = Release|x64
		{CB7B75F1-08F4-4C8D-A7EF-29CDCE9A67F1}.Static Release|Win32.ActiveCfg = Release|Win32
		{CB7B75F1-08F4-4C8D-A7EF-29CDCE9A67F1}.Static Release|Win32.Build.0 = Release|Win32
		{CB7B75F1-08F4-4C8D-A7EF-29CDCE9A67F1}.Static Release|x64.ActiveCfg = Release|x64
		{CB7B75F1-08F4-4C8D-A7EF-29CDCE9A67F1}.Static Release|x64.Build.0 = Release|x64
		{D5FB2402-A821-4474-91E7-07F0DD5866F0}.Debug Light|Win32.ActiveCfg = Debug|Win32
		{D5FB2402-A821-4474-91E7-07F0DD5866F0}.Debug Light|Win32.Build.0 = Debug|Win32
		{D5FB2402-A821-4474-91E7-07F0DD5866F0}.Debug Light|x64.ActiveCfg = Debug|x64
		{D5FB2402-A821-4474-91E7-07F0DD5866F0}.Debug Light|x64.Build.0 = Debug|x64
		{D5FB2402-A821-4474-91E7-07F0DD5866F0}.Debug Unicode|Win32.ActiveCfg = Debug|x64
		{D5FB2402-A821-4474-91E7-07F0DD5866F0}.Debug Unicode|x64.ActiveCfg = Debug|x64
		{D5FB2402-A821-4474-91E7-07F0DD5866F0}.Debug Unicode|x64.Build.0 = Debug|x64
		{D5FB2402-A821-4474-91E7-07F0DD5866F0}.Debug|Win32.ActiveCfg = Debug|Win32
		{D5FB2402-A821-4474-91E7-07F0DD5866F0}.Debug|Win32.Build.0 = Debug|Win32
		{D5FB2402-A821-4474-91E7-07F0DD5866F0}.Debug|x64.ActiveCfg = Debug|x64
		{D5FB2402-A821-4474-91E7-07F0DD5866F0}.Debug|x64.Build.0 = Debug|x64
		{D5FB2402-A821-4474-91E7-07F0DD5866F0}.DLL ASM Debug|Win32.ActiveCfg = Debug|Win32
		{D5FB2402-A821-4474-91E7-07F0DD5866F0}.DLL ASM Debug|Win32.Build.0 = Debug|Win32
		{D5FB2402-A821-4474-91E7-07F0DD5866F0}.DLL ASM Debug|x64.ActiveCfg = Debug|x64
		{D5FB2402-A821-4474-91E7-07F0DD5866F0}.DLL ASM Debug|x64.Build.0 = Debug|x64
		{D5FB2402-A821-4474-91E7-07F0DD5866F0}.DLL ASM Release|Win32.ActiveCfg = Release|Win32
		{D5FB2402-A821-4474-91E7-07F0DD5866F0}.DLL ASM Release|Win32.Build.0 = Release|Win32
		{D5FB2402-A821-4474-91E7-07F0DD5866F0}.DLL ASM Release|x64.ActiveCfg = Release|x64
		{D5FB2402-A821-4474-91E7-07F0DD5866F0}.DLL ASM Release|x64.Build.0 = Release|x64
		{D5FB2402-A821-4474-91E7-07F0DD5866F0}.DLL Debug|Win32.ActiveCfg = Debug|Win32
		{D5FB2402-A821-4474-91E7-07F0DD5866F0}.DLL Debug|Win32.Build.0 = Debug|Win32
		{D5FB2402-A821-4474-91E7-07F0DD5866F0}.DLL Debug|x64.ActiveCfg = Debug|x64
		{D5FB2402-A821-4474-91E7-07F0DD5866F0}.DLL Debug|x64.Build.0 = Debug|x64
		{D5FB2402-A821-4474-91E7-07F0DD5866F0}.DLL Release|Win32.ActiveCfg = Release|Win32
		{D5FB2402-A821-4474-91E7-07F0DD5866F0}.DLL Release|Win32.Build.0 = Release|Win32
		{D5FB2402-A821-4474-91E7-07F0DD5866F0}.DLL Release|x64.ActiveCfg = Release|x64
		{D5FB2402-A821-4474-91E7-07F0DD5866F0}.DLL Release|x64.Build.0 = Release|x64
		{D5FB2402-A821-4474-91E7-07F0DD5866F0}.LIB ASM Debug|Win32.ActiveCfg = Debug|Win32
		{D5FB2402-A821-4474-91E7-07F0DD5866F0}.LIB ASM Debug|Win32.Build.0 = Debug|Win32
		{D5FB2402-A821-4474-91E7-07F0DD5866F0}.LIB ASM Debug|x64.ActiveCfg = Debug|x64
		{D5FB2402-A821-4474-91E7-07F0DD5866F0}.LIB ASM Debug|x64.Build.0 = Debug|x64
		{D5FB2402-A821-4474-91E7-07F0DD5866F0}.LIB ASM Release|Win32.ActiveCfg = Release|Win32
		{D5FB2402-A821-4474-91E7-07F0DD5866F0}.LIB ASM Release|Win32.Build.0 = Release|Win32
		{D5FB2402-A821-4474-91E7-07F0DD5866F0}.LIB ASM Release|x64.ActiveCfg = Release|x64
		{D5FB2402-A821-4474-91E7-07F0DD5866F0}.LIB ASM Release|x64.Build.0 = Release|x64
		{D5FB2402-A821-4474-91E7-07F0DD5866F0}.LIB Debug|Win32.ActiveCfg = Debug|Win32
		{D5FB2402-A821-4474-91E7-07F0DD5866F0}.LIB Debug|Win32.Build.0 = Debug|Win32
		{D5FB2402-A821-4474-91E7-07F0DD5866F0}.LIB Debug|x64.ActiveCfg = Debug|x64
		{D5FB2402-A821-4474-91E7-07F0DD5866F0}.LIB Debug|x64.Build.0 = Debug|x64
		{D5FB2402-A821-4474-91E7-07F0DD5866F0}.LIB Release|Win32.ActiveCfg = Release|Win32
		{D5FB2402-A821-4474-91E7-07F0DD5866F0}.LIB Release|Win32.Build.0 = Release|Win32
		{D5FB2402-A821-4474-91E7-07F0DD5866F0}.LIB Release|x64.ActiveCfg = Release|x64
		{D5FB2402-A821-4474-91E7-07F0DD5866F0}.LIB Release|x64.Build.0 = Release|x64
		{D5FB2402-A821-4474-91E7-07F0DD5866F0}.Release Debug Info|Win32.ActiveCfg = Release Debug|x64
		{D5FB2402-A821-4474-91E7-07F0DD5866F0}.Release Debug Info|x64.ActiveCfg = Release Debug|x64
		{D5FB2402-A821-4474-91E7-07F0DD5866F0}.Release Debug Info|x64.Build.0 = Release Debug|x64
		{D5FB2402-A821-4474-91E7-07F0DD5866F0}.Release Debug|Win32.ActiveCfg = Release Debug|Win32
		{D5FB2402-A821-4474-91E7-07F0DD5866F0}.Release Debug|Win32.Build.0 = Release Debug|Win32
		{D5FB2402-A821-4474-91E7-07F0DD5866F0}.Release Debug|x64.ActiveCfg = Release Debug|x64
		{D5FB2402-A821-4474-91E7-07F0DD5866F0}.Release Debug|x64.Build.0 = Release Debug|x64
		{D5FB2402-A821-4474-91E7-07F0DD5866F0}.Release Light|Win32.ActiveCfg = Release Debug|x64
		{D5FB2402-A821-4474-91E7-07F0DD5866F0}.Release Light|x64.ActiveCfg = Release Debug|x64
		{D5FB2402-A821-4474-91E7-07F0DD5866F0}.Release Light|x64.Build.0 = Release Debug|x64
		{D5FB2402-A821-4474-91E7-07F0DD5866F0}.Release Unicode|Win32.ActiveCfg = Release Debug|x64
		{D5FB2402-A821-4474-91E7-07F0DD5866F0}.Release Unicode|x64.ActiveCfg = Release Debug|x64
		{D5FB2402-A821-4474-91E7-07F0DD5866F0}.Release Unicode|x64.Build.0 = Release Debug|x64
		{D5FB2402-A821-4474-91E7-07F0DD5866F0}.Release|Win32.ActiveCfg = Release|Win32
		{D5FB2402-A821-4474-91E7-07F0DD5866F0}.Release|Win32.Build.0 = Release|Win32
		{D5FB2402-A821-4474-91E7-07F0DD5866F0}.Release|x64.ActiveCfg = Release|x64
		{D5FB2402-A821-4474-91E7-07F0DD5866F0}.Release|x64.Build.0 = Release|x64
		{D5FB2402-A821-4474-91E7-07F0DD5866F0}.Static Debug Unicode|Win32.ActiveCfg = Debug|x64
		{D5FB2402-A821-4474-91E7-07F0DD5866F0}.Static Debug Unicode|x64.ActiveCfg = Debug|x64
		{D5FB2402-A821-4474-91E7-07F0DD5866F0}.Static Debug Unicode|x64.Build.0 = Debug|x64
		{D5FB2402-A821-4474-91E7-07F0DD5866F0}.Static Debug|Win32.ActiveCfg = Debug|Win32
		{D5FB2402-A821-4474-91E7-07F0DD5866F0}.Static Debug|Win32.Build.0 = Debug|Win32
		{D5FB2402-A821-4474-91E7-07F0DD5866F0}.Static Debug|x64.ActiveCfg = Debug|x64
		{D5FB2402-A821-4474-91E7-07F0DD5866F0}.Static Debug|x64.Build.0 = Debug|x64
		{D5FB2402-A821-4474-91E7-07F0DD5866F0}.Static Release Unicode|Win32.ActiveCfg = Release|x64
		{D5FB2402-A821-4474-91E7-07F0DD5866F0}.Static Release Unicode|x64.ActiveCfg = Release|x64
		{D5FB2402-A821-4474-91E7-07F0DD5866F0}.Static Release Unicode|x64.Build.0 = Release|x64
		{D5FB2402-A821-4474-91E7-07F0DD5866F0}.Static Release|Win32.ActiveCfg = Release|Win32
		{D5FB2402-A821-4474-91E7-07F0DD5866F0}.Static Release|Win32.Build.0 = Release|Win32
		{D5FB2402-A821-4474-91E7-07F0DD5866F0}.Static Release|x64.ActiveCfg = Release|x64
		{D5FB2402-A821-4474-91E7-07F0DD5866F0}.Static Release|x64.Build.0 = Release|x64
		{6290D6C2-900F-496C-A522-D5C8BF807066}.Debug Light|Win32.ActiveCfg = Debug|Win32
		{6290D6C2-900F-496C-A522-D5C8BF807066}.Debug Light|Win32.Build.0 = Debug|Win32
		{6290D6C2-900F-496C-A522-D5C8BF807066}.Debug Light|x64.ActiveCfg = Debug|x64
		{6290D6C2-900F-496C-A522-D5C8BF807066}.Debug Light|x64.Build.0 = Debug|x64
		{6290D6C2-900F-496C-A522-D5C8BF807066}.Debug Unicode|Win32.ActiveCfg = Debug|x64
		{6290D6C2-900F-496C-A522-D5C8BF807066}.Debug Unicode|x64.ActiveCfg = Debug|x64
		{6290D6C2-900F-496C-A522-D5C8BF807066}.Debug Unicode|x64.Build.0 = Debug|x64
		{6290D6C2-900F-496C-A522-D5C8BF807066}.Debug|Win32.ActiveCfg = Debug|Win32
		{6290D6C2-900F-496C-A522-D5C8BF807066}.Debug|Win32.Build.0 = Debug|Win32
		{6290D6C2-900F-496C-A522-D5C8BF807066}.Debug|x64.ActiveCfg = Debug|x64
		{6290D6C2-900F-496C-A522-D5C8BF807066}.Debug|x64.Build.0 = Debug|x64
		{6290D6C2-900F-496C-A522-D5C8BF807066}.DLL ASM Debug|Win32.ActiveCfg = Debug|Win32
		{6290D6C2-900F-496C-A522-D5C8BF807066}.DLL ASM Debug|Win32.Build.0 = Debug|Win32
		{6290D6C2-900F-496C-A522-D5C8BF807066}.DLL ASM Debug|x64.ActiveCfg = Debug|x64
		{6290D6C2-900F-496C-A522-D5C8BF807066}.DLL ASM Debug|x64.Build.0 = Debug|x64
		{6290D6C2-900F-496C-A522-D5C8BF807066}.DLL ASM Release|Win32.ActiveCfg = Release|Win32
		{6290D6C2-900F-496C-A522-D5C8BF807066}.DLL ASM Release|Win32.Build.0 = Release|Win32
		{6290D6C2-900F-496C-A522-D5C8BF807066}.DLL ASM Release|x64.ActiveCfg = Release|x64
		{6290D6C2-900F-496C-A522-D5C8BF807066}.DLL ASM Release|x64.Build.0 = Release|x64
		{6290D6C2-900F-496C-A522-D5C8BF807066}.DLL Debug|Win32.ActiveCfg = Debug|Win32
		{6290D6C2-900F-496C-A522-D5C8BF807066}.DLL Debug|Win32.Build.0 = Debug|Win32
		{6290D6C2-900F-496C-A522-D5C8BF807066}.DLL Debug|x64.ActiveCfg = Debug|x64
		{6290D6C2-900F-496C-A522-D5C8BF807066}.DLL Debug|x64.Build.0 = Debug|x64
		{6290D6C2-900F-496C-A522-D5C8BF807066}.DLL Release|Win32.ActiveCfg = Release|Win32
		{6290D6C2-900F-496C-A522-D5C8BF807066}.DLL Release|Win32.Build.0 = Release|Win32
		{6290D6C2-900F-496C-A522-D5C8BF807066}.DLL Release|x64.ActiveCfg = Release|x64
		{6290D6C2-900F-496C-A522-D5C8BF807066}.DLL Release|x64.Build.0 = Release|x64
		{6290D6C2-900F-496C-A522-D5C8BF807066}.LIB ASM Debug|Win32.ActiveCfg = Debug|Win32
		{6290D6C2-900F-496C-A522-D5C8BF807066}.LIB ASM Debug|Win32.Build.0 = Debug|Win32
		{6290D6C2-900F-496C-A522-D5C8BF807066}.LIB ASM Debug|x64.ActiveCfg = Debug|x64
		{6290D6C2-900F-496C-A522-D5C8BF807066}.LIB ASM Debug|x64.Build.0 = Debug|x64
		{6290D6C2-900F-496C-A522-D5C8BF807066}.LIB ASM Release|Win32.ActiveCfg = Release|Win32
		{6290D6C2-900F-496C-A522-D5C8BF807066}.LIB ASM Release|Win32.Build.0 = Release|Win32
		{6290D6C2-900F-496C-A522-D5C8BF807066}.LIB ASM Release|x64.ActiveCfg = Release|x64
		{6290D6C2-900F-496C-A522-D5C8BF807066}.LIB ASM Release|x64.Build.0 = Release|x64
		{6290D6C2-900F-496C-A522-D5C8BF807066}.LIB Debug|Win32.ActiveCfg = Debug|Win32
		{6290D6C2-900F-496C-A522-D5C8BF807066}.LIB Debug|Win32.Build.0 = Debug|Win32
		{6290D6C2-900F-496C-A522-D5C8BF807066}.LIB Debug|x64.ActiveCfg = Debug|x64
		{6290D6C2-900F-496C-A522-D5C8BF807066}.LIB Debug|x64.Build.0 = Debug|x64
		{6290D6C2-900F-496C-A522-D5C8BF807066}.LIB Release|Win32.ActiveCfg = Release|Win32
		{6290D6C2-900F-496C-A522-D5C8BF807066}.LIB Release|Win32.Build.0 = Release|Win32
		{6290D6C2-900F-496C-A522-D5C8BF807066}.LIB Release|x64.ActiveCfg = Release|x64
		{6290D6C2-900F-496C-A522-D5C8BF807066}.LIB Release|x64.Build.0 = Release|x64
		{6290D6C2-900F-496C-A522-D5C8BF807066}.Release Debug Info|Win32.ActiveCfg = Release Debug|x64
		{6290D6C2-900F-496C-A522-D5C8BF807066}.Release Debug Info|x64.ActiveCfg = Release Debug|x64
		{6290D6C2-900F-496C-A522-D5C8BF807066}.Release Debug Info|x64.Build.0 = Release Debug|x64
		{6290D6C2-900F-496C-A522-D5C8BF807066}.Release Debug|Win32.ActiveCfg = Release Debug|Win32
		{6290D6C2-900F-496C-A522-D5C8BF807066}.Release Debug|x64.ActiveCfg = Release Debug|x64
		{6290D6C2-900F-496C-A522-D5C8BF807066}.Release Debug|x64.Build.0 = Release Debug|x64
		{6290D6C2-900F-496C-A522-D5C8BF807066}.Release Light|Win32.ActiveCfg = Release Debug|x64
		{6290D6C2-900F-496C-A522-D5C8BF807066}.Release Light|x64.ActiveCfg = Release Debug|x64
		{6290D6C2-900F-496C-A522-D5C8BF807066}.Release Light|x64.Build.0 = Release Debug|x64
		{6290D6C2-900F-496C-A522-D5C8BF807066}.Release Unicode|Win32.ActiveCfg = Release Debug|x64
		{6290D6C2-900F-496C-A522-D5C8BF807066}.Release Unicode|x64.ActiveCfg = Release Debug|x64
		{6290D6C2-900F-496C-A522-D5C8BF807066}.Release Unicode|x64.Build.0 = Release Debug|x64
		{6290D6C2-900F-496C-A522-D5C8BF807066}.Release|Win32.ActiveCfg = Release|Win32
		{6290D6C2-900F-496C-A522-D5C8BF807066}.Release|Win32.Build.0 = Release|Win32
		{6290D6C2-900F-496C-A522-D5C8BF807066}.Release|x64.ActiveCfg = Release|x64
		{6290D6C2-900F-496C-A522-D5C8BF807066}.Release|x64.Build.0 = Release|x64
		{6290D6C2-900F-496C-A522-D5C8BF807066}.Static Debug Unicode|Win32.ActiveCfg = Debug|x64
		{6290D6C2-900F-496C-A522-D5C8BF807066}.Static Debug Unicode|x64.ActiveCfg = Debug|x64
		{6290D6C2-900F-496C-A522-D5C8BF807066}.Static Debug Unicode|x64.Build.0 = Debug|x64
		{6290D6C2-900F-496C-A522-D5C8BF807066}.Static Debug|Win32.ActiveCfg = Debug|Win32
		{6290D6C2-900F-496C-A522-D5C8BF807066}.Static Debug|Win32.Build.0 = Debug|Win32
		{6290D6C2-900F-496C-A522-D5C8BF807066}.Static Debug|x64.ActiveCfg = Debug|x64
		{6290D6C2-900F-496C-A522-D5C8BF807066}.Static Debug|x64.Build.0 = Debug|x64
		{6290D6C2-900F-496C-A522-D5C8BF807066}.Static Release Unicode|Win32.ActiveCfg = Release|x64
		{6290D6C2-900F-496C-A522-D5C8BF807066}.Static Release Unicode|x64.ActiveCfg = Release|x64
		{6290D6C2-900F-496C-A522-D5C8BF807066}.Static Release Unicode|x64.Build.0 = Release|x64
		{6290D6C2-900F-496C-A522-D5C8BF807066}.Static Release|Win32.ActiveCfg = Release|Win32
		{6290D6C2-900F-496C-A522-D5C8BF807066}.Static Release|Win32.Build.0 = Release|Win32
		{6290D6C2-900F-496C-A522-D5C8BF807066}.Static Release|x64.ActiveCfg = Release|x64
		{6290D6C2-900F-496C-A522-D5C8BF807066}.Static Release|x64.Build.0 = Release|x64
		{F601E087-97A7-40A5-9536-0CFCB66B33C2}.Debug Light|Win32.ActiveCfg = Debug Unicode|x64
		{F601E087-97A7-40A5-9536-0CFCB66B33C2}.Debug Light|x64.ActiveCfg = Debug Unicode|x64
		{F601E087-97A7-40A5-9536-0CFCB66B33C2}.Debug Light|x64.Build.0 = Debug Unicode|x64
		{F601E087-97A7-40A5-9536-0CFCB66B33C2}.Debug Unicode|Win32.ActiveCfg = Debug Unicode|Win32
		{F601E087-97A7-40A5-9536-0CFCB66B33C2}.Debug Unicode|Win32.Build.0 = Debug Unicode|Win32
		{F601E087-97A7-40A5-9536-0CFCB66B33C2}.Debug Unicode|x64.ActiveCfg = Debug Unicode|x64
		{F601E087-97A7-40A5-9536-0CFCB66B33C2}.Debug Unicode|x64.Build.0 = Debug Unicode|x64
		{F601E087-97A7-40A5-9536-0CFCB66B33C2}.Debug|Win32.ActiveCfg = Debug|Win32
		{F601E087-97A7-40A5-9536-0CFCB66B33C2}.Debug|Win32.Build.0 = Debug|Win32
		{F601E087-97A7-40A5-9536-0CFCB66B33C2}.Debug|x64.ActiveCfg = Debug|x64
		{F601E087-97A7-40A5-9536-0CFCB66B33C2}.Debug|x64.Build.0 = Debug|x64
		{F601E087-97A7-40A5-9536-0CFCB66B33C2}.DLL ASM Debug|Win32.ActiveCfg = Debug|Win32
		{F601E087-97A7-40A5-9536-0CFCB66B33C2}.DLL ASM Debug|Win32.Build.0 = Debug|Win32
		{F601E087-97A7-40A5-9536-0CFCB66B33C2}.DLL ASM Debug|x64.ActiveCfg = Debug|x64
		{F601E087-97A7-40A5-9536-0CFCB66B33C2}.DLL ASM Debug|x64.Build.0 = Debug|x64
		{F601E087-97A7-40A5-9536-0CFCB66B33C2}.DLL ASM Release|Win32.ActiveCfg = Release|Win32
		{F601E087-97A7-40A5-9536-0CFCB66B33C2}.DLL ASM Release|Win32.Build.0 = Release|Win32
		{F601E087-97A7-40A5-9536-0CFCB66B33C2}.DLL ASM Release|x64.ActiveCfg = Release|x64
		{F601E087-97A7-40A5-9536-0CFCB66B33C2}.DLL ASM Release|x64.Build.0 = Release|x64
		{F601E087-97A7-40A5-9536-0CFCB66B33C2}.DLL Debug|Win32.ActiveCfg = Debug|Win32
		{F601E087-97A7-40A5-9536-0CFCB66B33C2}.DLL Debug|Win32.Build.0 = Debug|Win32
		{F601E087-97A7-40A5-9536-0CFCB66B33C2}.DLL Debug|x64.ActiveCfg = Debug|x64
		{F601E087-97A7-40A5-9536-0CFCB66B33C2}.DLL Debug|x64.Build.0 = Debug|x64
		{F601E087-97A7-40A5-9536-0CFCB66B33C2}.DLL Release|Win32.ActiveCfg = Release|Win32
		{F601E087-97A7-40A5-9536-0CFCB66B33C2}.DLL Release|Win32.Build.0 = Release|Win32
		{F601E087-97A7-40A5-9536-0CFCB66B33C2}.DLL Release|x64.ActiveCfg = Release|x64
		{F601E087-97A7-40A5-9536-0CFCB66B33C2}.DLL Release|x64.Build.0 = Release|x64
		{F601E087-97A7-40A5-9536-0CFCB66B33C2}.LIB ASM Debug|Win32.ActiveCfg = Debug|Win32
		{F601E087-97A7-40A5-9536-0CFCB66B33C2}.LIB ASM Debug|Win32.Build.0 = Debug|Win32
		{F601E087-97A7-40A5-9536-0CFCB66B33C2}.LIB ASM Debug|x64.ActiveCfg = Debug|x64
		{F601E087-97A7-40A5-9536-0CFCB66B33C2}.LIB ASM Debug|x64.Build.0 = Debug|x64
		{F601E087-97A7-40A5-9536-0CFCB66B33C2}.LIB ASM Release|Win32.ActiveCfg = Release|Win32
		{F601E087-97A7-40A5-9536-0CFCB66B33C2}.LIB ASM Release|Win32.Build.0 = Release|Win32
		{F601E087-97A7-40A5-9536-0CFCB66B33C2}.LIB ASM Release|x64.ActiveCfg = Release|x64
		{F601E087-97A7-40A5-9536-0CFCB66B33C2}.LIB ASM Release|x64.Build.0 = Release|x64
		{F601E087-97A7-40A5-9536-0CFCB66B33C2}.LIB Debug|Win32.ActiveCfg = Debug|Win32
		{F601E087-97A7-40A5-9536-0CFCB66B33C2}.LIB Debug|Win32.Build.0 = Debug|Win32
		{F601E087-97A7-40A5-9536-0CFCB66B33C2}.LIB Debug|x64.ActiveCfg = Debug|x64
		{F601E087-97A7-40A5-9536-0CFCB66B33C2}.LIB Debug|x64.Build.0 = Debug|x64
		{F601E087-97A7-40A5-9536-0CFCB66B33C2}.LIB Release|Win32.ActiveCfg = Release|Win32
		{F601E087-97A7-40A5-9536-0CFCB66B33C2}.LIB Release|Win32.Build.0 = Release|Win32
		{F601E087-97A7-40A5-9536-0CFCB66B33C2}.LIB Release|x64.ActiveCfg = Release|x64
		{F601E087-97A7-40A5-9536-0CFCB66B33C2}.LIB Release|x64.Build.0 = Release|x64
		{F601E087-97A7-40A5-9536-0CFCB66B33C2}.Release Debug Info|Win32.ActiveCfg = Release Debug|x64
		{F601E087-97A7-40A5-9536-0CFCB66B33C2}.Release Debug Info|x64.ActiveCfg = Release Debug|x64
		{F601E087-97A7-40A5-9536-0CFCB66B33C2}.Release Debug Info|x64.Build.0 = Release Debug|x64
		{F601E087-97A7-40A5-9536-0CFCB66B33C2}.Release Debug|Win32.ActiveCfg = Release Debug|Win32
		{F601E087-97A7-40A5-9536-0CFCB66B33C2}.Release Debug|Win32.Build.0 = Release Debug|Win32
		{F601E087-97A7-40A5-9536-0CFCB66B33C2}.Release Debug|x64.ActiveCfg = Release Debug|x64
		{F601E087-97A7-40A5-9536-0CFCB66B33C2}.Release Debug|x64.Build.0 = Release Debug|x64
		{F601E087-97A7-40A5-9536-0CFCB66B33C2}.Release Light|Win32.ActiveCfg = Release Debug|x64
		{F601E087-97A7-40A5-9536-0CFCB66B33C2}.Release Light|x64.ActiveCfg = Release Debug|x64
		{F601E087-97A7-40A5-9536-0CFCB66B33C2}.Release Light|x64.Build.0 = Release Debug|x64
		{F601E087-97A7-40A5-9536-0CFCB66B33C2}.Release Unicode|Win32.ActiveCfg = Release Unicode|Win32
		{F601E087-97A7-40A5-9536-0CFCB66B33C2}.Release Unicode|Win32.Build.0 = Release Unicode|Win32
		{F601E087-97A7-40A5-9536-0CFCB66B33C2}.Release Unicode|x64.ActiveCfg = Release Unicode|x64
		{F601E087-97A7-40A5-9536-0CFCB66B33C2}.Release Unicode|x64.Build.0 = Release Unicode|x64
		{F601E087-97A7-40A5-9536-0CFCB66B33C2}.Release|Win32.ActiveCfg = Release|Win32
		{F601E087-97A7-40A5-9536-0CFCB66B33C2}.Release|Win32.Build.0 = Release|Win32
		{F601E087-97A7-40A5-9536-0CFCB66B33C2}.Release|x64.ActiveCfg = Release|x64
		{F601E087-97A7-40A5-9536-0CFCB66B33C2}.Release|x64.Build.0 = Release|x64
		{F601E087-97A7-40A5-9536-0CFCB66B33C2}.Static Debug Unicode|Win32.ActiveCfg = Debug Unicode|Win32
		{F601E087-97A7-40A5-9536-0CFCB66B33C2}.Static Debug Unicode|Win32.Build.0 = Debug Unicode|Win32
		{F601E087-97A7-40A5-9536-0CFCB66B33C2}.Static Debug Unicode|x64.ActiveCfg = Debug Unicode|x64
		{F601E087-97A7-40A5-9536-0CFCB66B33C2}.Static Debug Unicode|x64.Build.0 = Debug Unicode|x64
		{F601E087-97A7-40A5-9536-0CFCB66B33C2}.Static Debug|Win32.ActiveCfg = Debug|Win32
		{F601E087-97A7-40A5-9536-0CFCB66B33C2}.Static Debug|Win32.Build.0 = Debug|Win32
		{F601E087-97A7-40A5-9536-0CFCB66B33C2}.Static Debug|x64.ActiveCfg = Debug|x64
		{F601E087-97A7-40A5-9536-0CFCB66B33C2}.Static Debug|x64.Build.0 = Debug|x64
		{F601E087-97A7-40A5-9536-0CFCB66B33C2}.Static Release Unicode|Win32.ActiveCfg = Release Unicode|Win32
		{F601E087-97A7-40A5-9536-0CFCB66B33C2}.Static Release Unicode|Win32.Build.0 = Release Unicode|Win32
		{F601E087-97A7-40A5-9536-0CFCB66B33C2}.Static Release Unicode|x64.ActiveCfg = Release Unicode|x64
		{F601E087-97A7-40A5-9536-0CFCB66B33C2}.Static Release Unicode|x64.Build.0 = Release Unicode|x64
		{F601E087-97A7-40A5-9536-0CFCB66B33C2}.Static Release|Win32.ActiveCfg = Release|Win32
		{F601E087-97A7-40A5-9536-0CFCB66B33C2}.Static Release|Win32.Build.0 = Release|Win32
		{F601E087-97A7-40A5-9536-0CFCB66B33C2}.Static Release|x64.ActiveCfg = Release|x64
		{F601E087-97A7-40A5-9536-0CFCB66B33C2}.Static Release|x64.Build.0 = Release|x64
		{AFE2867B-EABF-4820-9C05-0DB3C4EB30A7}.Debug Light|Win32.ActiveCfg = Debug Unicode|x64
		{AFE2867B-EABF-4820-9C05-0DB3C4EB30A7}.Debug Light|x64.ActiveCfg = Debug Unicode|x64
		{AFE2867B-EABF-4820-9C05-0DB3C4EB30A7}.Debug Light|x64.Build.0 = Debug Unicode|x64
		{AFE2867B-EABF-4820-9C05-0DB3C4EB30A7}.Debug Unicode|Win32.ActiveCfg = Debug Unicode|Win32
		{AFE2867B-EABF-4820-9C05-0DB3C4EB30A7}.Debug Unicode|Win32.Build.0 = Debug Unicode|Win32
		{AFE2867B-EABF-4820-9C05-0DB3C4EB30A7}.Debug Unicode|x64.ActiveCfg = Debug Unicode|x64
		{AFE2867B-EABF-4820-9C05-0DB3C4EB30A7}.Debug Unicode|x64.Build.0 = Debug Unicode|x64
		{AFE2867B-EABF-4820-9C05-0DB3C4EB30A7}.Debug|Win32.ActiveCfg = Debug|Win32
		{AFE2867B-EABF-4820-9C05-0DB3C4EB30A7}.Debug|Win32.Build.0 = Debug|Win32
		{AFE2867B-EABF-4820-9C05-0DB3C4EB30A7}.Debug|x64.ActiveCfg = Debug|x64
		{AFE2867B-EABF-4820-9C05-0DB3C4EB30A7}.Debug|x64.Build.0 = Debug|x64
		{AFE2867B-EABF-4820-9C05-0DB3C4EB30A7}.DLL ASM Debug|Win32.ActiveCfg = Debug|Win32
		{AFE2867B-EABF-4820-9C05-0DB3C4EB30A7}.DLL ASM Debug|Win32.Build.0 = Debug|Win32
		{AFE2867B-EABF-4820-9C05-0DB3C4EB30A7}.DLL ASM Debug|x64.ActiveCfg = Debug|x64
		{AFE2867B-EABF-4820-9C05-0DB3C4EB30A7}.DLL ASM Debug|x64.Build.0 = Debug|x64
		{AFE2867B-EABF-4820-9C05-0DB3C4EB30A7}.DLL ASM Release|Win32.ActiveCfg = Release|Win32
		{AFE2867B-EABF-4820-9C05-0DB3C4EB30A7}.DLL ASM Release|Win32.Build.0 = Release|Win32
		{AFE2867B-EABF-4820-9C05-0DB3C4EB30A7}.DLL ASM Release|x64.ActiveCfg = Release|x64
		{AFE2867B-EABF-4820-9C05-0DB3C4EB30A7}.DLL ASM Release|x64.Build.0 = Release|x64
		{AFE2867B-EABF-4820-9C05-0DB3C4EB30A7}.DLL Debug|Win32.ActiveCfg = Debug|Win32
		{AFE2867B-EABF-4820-9C05-0DB3C4EB30A7}.DLL Debug|Win32.Build.0 = Debug|Win32
		{AFE2867B-EABF-4820-9C05-0DB3C4EB30A7}.DLL Debug|x64.ActiveCfg = Debug|x64
		{AFE2867B-EABF-4820-9C05-0DB3C4EB30A7}.DLL Debug|x64.Build.0 = Debug|x64
		{AFE2867B-EABF-4820-9C05-0DB3C4EB30A7}.DLL Release|Win32.ActiveCfg = Release|Win32
		{AFE2867B-EABF-4820-9C05-0DB3C4EB30A7}.DLL Release|Win32.Build.0 = Release|Win32
		{AFE2867B-EABF-4820-9C05-0DB3C4EB30A7}.DLL Release|x64.ActiveCfg = Release|x64
		{AFE2867B-EABF-4820-9C05-0DB3C4EB30A7}.DLL Release|x64.Build.0 = Release|x64
		{AFE2867B-EABF-4820-9C05-0DB3C4EB30A7}.LIB ASM Debug|Win32.ActiveCfg = Debug|Win32
		{AFE2867B-EABF-4820-9C05-0DB3C4EB30A7}.LIB ASM Debug|Win32.Build.0 = Debug|Win32
		{AFE2867B-EABF-4820-9C05-0DB3C4EB30A7}.LIB ASM Debug|x64.ActiveCfg = Debug|x64
		{AFE2867B-EABF-4820-9C05-0DB3C4EB30A7}.LIB ASM Debug|x64.Build.0 = Debug|x64
		{AFE2867B-EABF-4820-9C05-0DB3C4EB30A7}.LIB ASM Release|Win32.ActiveCfg = Release|Win32
		{AFE2867B-EABF-4820-9C05-0DB3C4EB30A7}.LIB ASM Release|Win32.Build.0 = Release|Win32
		{AFE2867B-EABF-4820-9C05-0DB3C4EB30A7}.LIB ASM Release|x64.ActiveCfg = Release|x64
		{AFE2867B-EABF-4820-9C05-0DB3C4EB30A7}.LIB ASM Release|x64.Build.0 = Release|x64
		{AFE2867B-EABF-4820-9C05-0DB3C4EB30A7}.LIB Debug|Win32.ActiveCfg = Debug|Win32
		{AFE2867B-EABF-4820-9C05-0DB3C4EB30A7}.LIB Debug|Win32.Build.0 = Debug|Win32
		{AFE2867B-EABF-4820-9C05-0DB3C4EB30A7}.LIB Debug|x64.ActiveCfg = Debug|x64
		{AFE2867B-EABF-4820-9C05-0DB3C4EB30A7}.LIB Debug|x64.Build.0 = Debug|x64
		{AFE2867B-EABF-4820-9C05-0DB3C4EB30A7}.LIB Release|Win32.ActiveCfg = Release|Win32
		{AFE2867B-EABF-4820-9C05-0DB3C4EB30A7}.LIB Release|Win32.Build.0 = Release|Win32
		{AFE2867B-EABF-4820-9C05-0DB3C4EB30A7}.LIB Release|x64.ActiveCfg = Release|x64
		{AFE2867B-EABF-4820-9C05-0DB3C4EB30A7}.LIB Release|x64.Build.0 = Release|x64
		{AFE2867B-EABF-4820-9C05-0DB3C4EB30A7}.Release Debug Info|Win32.ActiveCfg = Release Debug|x64
		{AFE2867B-EABF-4820-9C05-0DB3C4EB30A7}.Release Debug Info|x64.ActiveCfg = Release Debug|x64
		{AFE2867B-EABF-4820-9C05-0DB3C4EB30A7}.Release Debug Info|x64.Build.0 = Release Debug|x64
		{AFE2867B-EABF-4820-9C05-0DB3C4EB30A7}.Release Debug|Win32.ActiveCfg = Release Debug|Win32
		{AFE2867B-EABF-4820-9C05-0DB3C4EB30A7}.Release Debug|Win32.Build.0 = Release Debug|Win32
		{AFE2867B-EABF-4820-9C05-0DB3C4EB30A7}.Release Debug|x64.ActiveCfg = Release Debug|x64
		{AFE2867B-EABF-4820-9C05-0DB3C4EB30A7}.Release Debug|x64.Build.0 = Release Debug|x64
		{AFE2867B-EABF-4820-9C05-0DB3C4EB30A7}.Release Light|Win32.ActiveCfg = Release Debug|x64
		{AFE2867B-EABF-4820-9C05-0DB3C4EB30A7}.Release Light|x64.ActiveCfg = Release Debug|x64
		{AFE2867B-EABF-4820-9C05-0DB3C4EB30A7}.Release Light|x64.Build.0 = Release Debug|x64
		{AFE2867B-EABF-4820-9C05-0DB3C4EB30A7}.Release Unicode|Win32.ActiveCfg = Release Unicode|Win32
		{AFE2867B-EABF-4820-9C05-0DB3C4EB30A7}.Release Unicode|Win32.Build.0 = Release Unicode|Win32
		{AFE2867B-EABF-4820-9C05-0DB3C4EB30A7}.Release Unicode|x64.ActiveCfg = Release Unicode|x64
		{AFE2867B-EABF-4820-9C05-0DB3C4EB30A7}.Release Unicode|x64.Build.0 = Release Unicode|x64
		{AFE2867B-EABF-4820-9C05-0DB3C4EB30A7}.Release|Win32.ActiveCfg = Release|Win32
		{AFE2867B-EABF-4820-9C05-0DB3C4EB30A7}.Release|Win32.Build.0 = Release|Win32
		{AFE2867B-EABF-4820-9C05-0DB3C4EB30A7}.Release|x64.ActiveCfg = Release|x64
		{AFE2867B-EABF-4820-9C05-0DB3C4EB30A7}.Release|x64.Build.0 = Release|x64
		{AFE2867B-EABF-4820-9C05-0DB3C4EB30A7}.Static Debug Unicode|Win32.ActiveCfg = Debug Unicode|Win32
		{AFE2867B-EABF-4820-9C05-0DB3C4EB30A7}.Static Debug Unicode|Win32.Build.0 = Debug Unicode|Win32
		{AFE2867B-EABF-4820-9C05-0DB3C4EB30A7}.Static Debug Unicode|x64.ActiveCfg = Debug Unicode|x64
		{AFE2867B-EABF-4820-9C05-0DB3C4EB30A7}.Static Debug Unicode|x64.Build.0 = Debug Unicode|x64
		{AFE2867B-EABF-4820-9C05-0DB3C4EB30A7}.Static Debug|Win32.ActiveCfg = Debug|Win32
		{AFE2867B-EABF-4820-9C05-0DB3C4EB30A7}.Static Debug|Win32.Build.0 = Debug|Win32
		{AFE2867B-EABF-4820-9C05-0DB3C4EB30A7}.Static Debug|x64.ActiveCfg = Debug|x64
		{AFE2867B-EABF-4820-9C05-0DB3C4EB30A7}.Static Debug|x64.Build.0 = Debug|x64
		{AFE2867B-EABF-4820-9C05-0DB3C4EB30A7}.Static Release Unicode|Win32.ActiveCfg = Release Unicode|Win32
		{AFE2867B-EABF-4820-9C05-0DB3C4EB30A7}.Static Release Unicode|Win32.Build.0 = Release Unicode|Win32
		{AFE2867B-EABF-4820-9C05-0DB3C4EB30A7}.Static Release Unicode|x64.ActiveCfg = Release Unicode|x64
		{AFE2867B-EABF-4820-9C05-0DB3C4EB30A7}.Static Release Unicode|x64.Build.0 = Release Unicode|x64
		{AFE2867B-EABF-4820-9C05-0DB3C4EB30A7}.Static Release|Win32.ActiveCfg = Release|Win32
		{AFE2867B-EABF-4820-9C05-0DB3C4EB30A7}.Static Release|Win32.Build.0 = Release|Win32
		{AFE2867B-EABF-4820-9C05-0DB3C4EB30A7}.Static Release|x64.ActiveCfg = Release|x64
		{AFE2867B-EABF-4820-9C05-0DB3C4EB30A7}.Static Release|x64.Build.0 = Release|x64
		{39E3B29D-D9B3-4352-BB7E-ED135FC13E30}.Debug Light|Win32.ActiveCfg = Debug Unicode|x64
		{39E3B29D-D9B3-4352-BB7E-ED135FC13E30}.Debug Light|x64.ActiveCfg = Debug Unicode|x64
		{39E3B29D-D9B3-4352-BB7E-ED135FC13E30}.Debug Light|x64.Build.0 = Debug Unicode|x64
		{39E3B29D-D9B3-4352-BB7E-ED135FC13E30}.Debug Unicode|Win32.ActiveCfg = Debug Unicode|Win32
		{39E3B29D-D9B3-4352-BB7E-ED135FC13E30}.Debug Unicode|Win32.Build.0 = Debug Unicode|Win32
		{39E3B29D-D9B3-4352-BB7E-ED135FC13E30}.Debug Unicode|x64.ActiveCfg = Debug Unicode|x64
		{39E3B29D-D9B3-4352-BB7E-ED135FC13E30}.Debug Unicode|x64.Build.0 = Debug Unicode|x64
		{39E3B29D-D9B3-4352-BB7E-ED135FC13E30}.Debug|Win32.ActiveCfg = Debug|Win32
		{39E3B29D-D9B3-4352-BB7E-ED135FC13E30}.Debug|Win32.Build.0 = Debug|Win32
		{39E3B29D-D9B3-4352-BB7E-ED135FC13E30}.Debug|x64.ActiveCfg = Debug|x64
		{39E3B29D-D9B3-4352-BB7E-ED135FC13E30}.Debug|x64.Build.0 = Debug|x64
		{39E3B29D-D9B3-4352-BB7E-ED135FC13E30}.DLL ASM Debug|Win32.ActiveCfg = Debug|Win32
		{39E3B29D-D9B3-4352-BB7E-ED135FC13E30}.DLL ASM Debug|Win32.Build.0 = Debug|Win32
		{39E3B29D-D9B3-4352-BB7E-ED135FC13E30}.DLL ASM Debug|x64.ActiveCfg = Debug|x64
		{39E3B29D-D9B3-4352-BB7E-ED135FC13E30}.DLL ASM Debug|x64.Build.0 = Debug|x64
		{39E3B29D-D9B3-4352-BB7E-ED135FC13E30}.DLL ASM Release|Win32.ActiveCfg = Release|Win32
		{39E3B29D-D9B3-4352-BB7E-ED135FC13E30}.DLL ASM Release|Win32.Build.0 = Release|Win32
		{39E3B29D-D9B3-4352-BB7E-ED135FC13E30}.DLL ASM Release|x64.ActiveCfg = Release|x64
		{39E3B29D-D9B3-4352-BB7E-ED135FC13E30}.DLL ASM Release|x64.Build.0 = Release|x64
		{39E3B29D-D9B3-4352-BB7E-ED135FC13E30}.DLL Debug|Win32.ActiveCfg = Debug|Win32
		{39E3B29D-D9B3-4352-BB7E-ED135FC13E30}.DLL Debug|Win32.Build.0 = Debug|Win32
		{39E3B29D-D9B3-4352-BB7E-ED135FC13E30}.DLL Debug|x64.ActiveCfg = Debug|x64
		{39E3B29D-D9B3-4352-BB7E-ED135FC13E30}.DLL Debug|x64.Build.0 = Debug|x64
		{39E3B29D-D9B3-4352-BB7E-ED135FC13E30}.DLL Release|Win32.ActiveCfg = Release|Win32
		{39E3B29D-D9B3-4352-BB7E-ED135FC13E30}.DLL Release|Win32.Build.0 = Release|Win32
		{39E3B29D-D9B3-4352-BB7E-ED135FC13E30}.DLL Release|x64.ActiveCfg = Release|x64
		{39E3B29D-D9B3-4352-BB7E-ED135FC13E30}.DLL Release|x64.Build.0 = Release|x64
		{39E3B29D-D9B3-4352-BB7E-ED135FC13E30}.LIB ASM Debug|Win32.ActiveCfg = Debug|Win32
		{39E3B29D-D9B3-4352-BB7E-ED135FC13E30}.LIB ASM Debug|Win32.Build.0 = Debug|Win32
		{39E3B29D-D9B3-4352-BB7E-ED135FC13E30}.LIB ASM Debug|x64.ActiveCfg = Debug|x64
		{39E3B29D-D9B3-4352-BB7E-ED135FC13E30}.LIB ASM Debug|x64.Build.0 = Debug|x64
		{39E3B29D-D9B3-4352-BB7E-ED135FC13E30}.LIB ASM Release|Win32.ActiveCfg = Release|Win32
		{39E3B29D-D9B3-4352-BB7E-ED135FC13E30}.LIB ASM Release|Win32.Build.0 = Release|Win32
		{39E3B29D-D9B3-4352-BB7E-ED135FC13E30}.LIB ASM Release|x64.ActiveCfg = Release|x64
		{39E3B29D-D9B3-4352-BB7E-ED135FC13E30}.LIB ASM Release|x64.Build.0 = Release|x64
		{39E3B29D-D9B3-4352-BB7E-ED135FC13E30}.LIB Debug|Win32.ActiveCfg = Debug|Win32
		{39E3B29D-D9B3-4352-BB7E-ED135FC13E30}.LIB Debug|Win32.Build.0 = Debug|Win32
		{39E3B29D-D9B3-4352-BB7E-ED135FC13E30}.LIB Debug|x64.ActiveCfg = Debug|x64
		{39E3B29D-D9B3-4352-BB7E-ED135FC13E30}.LIB Debug|x64.Build.0 = Debug|x64
		{39E3B29D-D9B3-4352-BB7E-ED135FC13E30}.LIB Release|Win32.ActiveCfg = Release|Win32
		{39E3B29D-D9B3-4352-BB7E-ED135FC13E30}.LIB Release|Win32.Build.0 = Release|Win32
		{39E3B29D-D9B3-4352-BB7E-ED135FC13E30}.LIB Release|x64.ActiveCfg = Release|x64
		{39E3B29D-D9B3-4352-BB7E-ED135FC13E30}.LIB Release|x64.Build.0 = Release|x64
		{39E3B29D-D9B3-4352-BB7E-ED135FC13E30}.Release Debug Info|Win32.ActiveCfg = Release Debug|x64
		{39E3B29D-D9B3-4352-BB7E-ED135FC13E30}.Release Debug Info|x64.ActiveCfg = Release Debug|x64
		{39E3B29D-D9B3-4352-BB7E-ED135FC13E30}.Release Debug Info|x64.Build.0 = Release Debug|x64
		{39E3B29D-D9B3-4352-BB7E-ED135FC13E30}.Release Debug|Win32.ActiveCfg = Release Debug|Win32
		{39E3B29D-D9B3-4352-BB7E-ED135FC13E30}.Release Debug|Win32.Build.0 = Release Debug|Win32
		{39E3B29D-D9B3-4352-BB7E-ED135FC13E30}.Release Debug|x64.ActiveCfg = Release Debug|x64
		{39E3B29D-D9B3-4352-BB7E-ED135FC13E30}.Release Debug|x64.Build.0 = Release Debug|x64
		{39E3B29D-D9B3-4352-BB7E-ED135FC13E30}.Release Light|Win32.ActiveCfg = Release Debug|x64
		{39E3B29D-D9B3-4352-BB7E-ED135FC13E30}.Release Light|x64.ActiveCfg = Release Debug|x64
		{39E3B29D-D9B3-4352-BB7E-ED135FC13E30}.Release Light|x64.Build.0 = Release Debug|x64
		{39E3B29D-D9B3-4352-BB7E-ED135FC13E30}.Release Unicode|Win32.ActiveCfg = Release Unicode|Win32
		{39E3B29D-D9B3-4352-BB7E-ED135FC13E30}.Release Unicode|Win32.Build.0 = Release Unicode|Win32
		{39E3B29D-D9B3-4352-BB7E-ED135FC13E30}.Release Unicode|x64.ActiveCfg = Release Unicode|x64
		{39E3B29D-D9B3-4352-BB7E-ED135FC13E30}.Release Unicode|x64.Build.0 = Release Unicode|x64
		{39E3B29D-D9B3-4352-BB7E-ED135FC13E30}.Release|Win32.ActiveCfg = Release|Win32
		{39E3B29D-D9B3-4352-BB7E-ED135FC13E30}.Release|Win32.Build.0 = Release|Win32
		{39E3B29D-D9B3-4352-BB7E-ED135FC13E30}.Release|x64.ActiveCfg = Release|x64
		{39E3B29D-D9B3-4352-BB7E-ED135FC13E30}.Release|x64.Build.0 = Release|x64
		{39E3B29D-D9B3-4352-BB7E-ED135FC13E30}.Static Debug Unicode|Win32.ActiveCfg = Debug Unicode|Win32
		{39E3B29D-D9B3-4352-BB7E-ED135FC13E30}.Static Debug Unicode|Win32.Build.0 = Debug Unicode|Win32
		{39E3B29D-D9B3-4352-BB7E-ED135FC13E30}.Static Debug Unicode|x64.ActiveCfg = Debug Unicode|x64
		{39E3B29D-D9B3-4352-BB7E-ED135FC13E30}.Static Debug Unicode|x64.Build.0 = Debug Unicode|x64
		{39E3B29D-D9B3-4352-BB7E-ED135FC13E30}.Static Debug|Win32.ActiveCfg = Debug|Win32
		{39E3B29D-D9B3-4352-BB7E-ED135FC13E30}.Static Debug|Win32.Build.0 = Debug|Win32
		{39E3B29D-D9B3-4352-BB7E-ED135FC13E30}.Static Debug|x64.ActiveCfg = Debug|x64
		{39E3B29D-D9B3-4352-BB7E-ED135FC13E30}.Static Debug|x64.Build.0 = Debug|x64
		{39E3B29D-D9B3-4352-BB7E-ED135FC13E30}.Static Release Unicode|Win32.ActiveCfg = Release Unicode|Win32
		{39E3B29D-D9B3-4352-BB7E-ED135FC13E30}.Static Release Unicode|Win32.Build.0 = Release Unicode|Win32
		{39E3B29D-D9B3-4352-BB7E-ED135FC13E30}.Static Release Unicode|x64.ActiveCfg = Release Unicode|x64
		{39E3B29D-D9B3-4352-BB7E-ED135FC13E30}.Static Release Unicode|x64.Build.0 = Release Unicode|x64
		{39E3B29D-D9B3-4352-BB7E-ED135FC13E30}.Static Release|Win32.ActiveCfg = Release|Win32
		{39E3B29D-D9B3-4352-BB7E-ED135FC13E30}.Static Release|Win32.Build.0 = Release|Win32
		{39E3B29D-D9B3-4352-BB7E-ED135FC13E30}.Static Release|x64.ActiveCfg = Release|x64
		{39E3B29D-D9B3-4352-BB7E-ED135FC13E30}.Static Release|x64.Build.0 = Release|x64
		{2FEDB691-B909-4549-BB60-609AB6AA6BEC}.Debug Light|Win32.ActiveCfg = Debug Unicode|x64
		{2FEDB691-B909-4549-BB60-609AB6AA6BEC}.Debug Light|x64.ActiveCfg = Debug Unicode|x64
		{2FEDB691-B909-4549-BB60-609AB6AA6BEC}.Debug Light|x64.Build.0 = Debug Unicode|x64
		{2FEDB691-B909-4549-BB60-609AB6AA6BEC}.Debug Unicode|Win32.ActiveCfg = Debug Unicode|Win32
		{2FEDB691-B909-4549-BB60-609AB6AA6BEC}.Debug Unicode|Win32.Build.0 = Debug Unicode|Win32
		{2FEDB691-B909-4549-BB60-609AB6AA6BEC}.Debug Unicode|x64.ActiveCfg = Debug Unicode|x64
		{2FEDB691-B909-4549-BB60-609AB6AA6BEC}.Debug Unicode|x64.Build.0 = Debug Unicode|x64
		{2FEDB691-B909-4549-BB60-609AB6AA6BEC}.Debug|Win32.ActiveCfg = Debug|Win32
		{2FEDB691-B909-4549-BB60-609AB6AA6BEC}.Debug|Win32.Build.0 = Debug|Win32
		{2FEDB691-B909-4549-BB60-609AB6AA6BEC}.Debug|x64.ActiveCfg = Debug|x64
		{2FEDB691-B909-4549-BB60-609AB6AA6BEC}.Debug|x64.Build.0 = Debug|x64
		{2FEDB691-B909-4549-BB60-609AB6AA6BEC}.DLL ASM Debug|Win32.ActiveCfg = Debug|Win32
		{2FEDB691-B909-4549-BB60-609AB6AA6BEC}.DLL ASM Debug|Win32.Build.0 = Debug|Win32
		{2FEDB691-B909-4549-BB60-609AB6AA6BEC}.DLL ASM Debug|x64.ActiveCfg = Debug|x64
		{2FEDB691-B909-4549-BB60-609AB6AA6BEC}.DLL ASM Debug|x64.Build.0 = Debug|x64
		{2FEDB691-B909-4549-BB60-609AB6AA6BEC}.DLL ASM Release|Win32.ActiveCfg = Release|Win32
		{2FEDB691-B909-4549-BB60-609AB6AA6BEC}.DLL ASM Release|Win32.Build.0 = Release|Win32
		{2FEDB691-B909-4549-BB60-609AB6AA6BEC}.DLL ASM Release|x64.ActiveCfg = Release|x64
		{2FEDB691-B909-4549-BB60-609AB6AA6BEC}.DLL ASM Release|x64.Build.0 = Release|x64
		{2FEDB691-B909-4549-BB60-609AB6AA6BEC}.DLL Debug|Win32.ActiveCfg = Debug|Win32
		{2FEDB691-B909-4549-BB60-609AB6AA6BEC}.DLL Debug|Win32.Build.0 = Debug|Win32
		{2FEDB691-B909-4549-BB60-609AB6AA6BEC}.DLL Debug|x64.ActiveCfg = Debug|x64
		{2FEDB691-B909-4549-BB60-609AB6AA6BEC}.DLL Debug|x64.Build.0 = Debug|x64
		{2FEDB691-B909-4549-BB60-609AB6AA6BEC}.DLL Release|Win32.ActiveCfg = Release|Win32
		{2FEDB691-B909-4549-BB60-609AB6AA6BEC}.DLL Release|Win32.Build.0 = Release|Win32
		{2FEDB691-B909-4549-BB60-609AB6AA6BEC}.DLL Release|x64.ActiveCfg = Release|x64
		{2FEDB691-B909-4549-BB60-609AB6AA6BEC}.DLL Release|x64.Build.0 = Release|x64
		{2FEDB691-B909-4549-BB60-609AB6AA6BEC}.LIB ASM Debug|Win32.ActiveCfg = Debug|Win32
		{2FEDB691-B909-4549-BB60-609AB6AA6BEC}.LIB ASM Debug|Win32.Build.0 = Debug|Win32
		{2FEDB691-B909-4549-BB60-609AB6AA6BEC}.LIB ASM Debug|x64.ActiveCfg = Debug|x64
		{2FEDB691-B909-4549-BB60-609AB6AA6BEC}.LIB ASM Debug|x64.Build.0 = Debug|x64
		{2FEDB691-B909-4549-BB60-609AB6AA6BEC}.LIB ASM Release|Win32.ActiveCfg = Release|Win32
		{2FEDB691-B909-4549-BB60-609AB6AA6BEC}.LIB ASM Release|Win32.Build.0 = Release|Win32
		{2FEDB691-B909-4549-BB60-609AB6AA6BEC}.LIB ASM Release|x64.ActiveCfg = Release|x64
		{2FEDB691-B909-4549-BB60-609AB6AA6BEC}.LIB ASM Release|x64.Build.0 = Release|x64
		{2FEDB691-B909-4549-BB60-609AB6AA6BEC}.LIB Debug|Win32.ActiveCfg = Debug|Win32
		{2FEDB691-B909-4549-BB60-609AB6AA6BEC}.LIB Debug|Win32.Build.0 = Debug|Win32
		{2FEDB691-B909-4549-BB60-609AB6AA6BEC}.LIB Debug|x64.ActiveCfg = Debug|x64
		{2FEDB691-B909-4549-BB60-609AB6AA6BEC}.LIB Debug|x64.Build.0 = Debug|x64
		{2FEDB691-B909-4549-BB60-609AB6AA6BEC}.LIB Release|Win32.ActiveCfg = Release|Win32
		{2FEDB691-B909-4549-BB60-609AB6AA6BEC}.LIB Release|Win32.Build.0 = Release|Win32
		{2FEDB691-B909-4549-BB60-609AB6AA6BEC}.LIB Release|x64.ActiveCfg = Release|x64
		{2FEDB691-B909-4549-BB60-609AB6AA6BEC}.LIB Release|x64.Build.0 = Release|x64
		{2FEDB691-B909-4549-BB60-609AB6AA6BEC}.Release Debug Info|Win32.ActiveCfg = Release Debug|x64
		{2FEDB691-B909-4549-BB60-609AB6AA6BEC}.Release Debug Info|x64.ActiveCfg = Release Debug|x64
		{2FEDB691-B909-4549-BB60-609AB6AA6BEC}.Release Debug Info|x64.Build.0 = Release Debug|x64
		{2FEDB691-B909-4549-BB60-609AB6AA6BEC}.Release Debug|Win32.ActiveCfg = Release Debug|Win32
		{2FEDB691-B909-4549-BB60-609AB6AA6BEC}.Release Debug|Win32.Build.0 = Release Debug|Win32
		{2FEDB691-B909-4549-BB60-609AB6AA6BEC}.Release Debug|x64.ActiveCfg = Release Debug|x64
		{2FEDB691-B909-4549-BB60-609AB6AA6BEC}.Release Debug|x64.Build.0 = Release Debug|x64
		{2FEDB691-B909-4549-BB60-609AB6AA6BEC}.Release Light|Win32.ActiveCfg = Release Debug|x64
		{2FEDB691-B909-4549-BB60-609AB6AA6BEC}.Release Light|x64.ActiveCfg = Release Debug|x64
		{2FEDB691-B909-4549-BB60-609AB6AA6BEC}.Release Light|x64.Build.0 = Release Debug|x64
		{2FEDB691-B909-4549-BB60-609AB6AA6BEC}.Release Unicode|Win32.ActiveCfg = Release Unicode|Win32
		{2FEDB691-B909-4549-BB60-609AB6AA6BEC}.Release Unicode|Win32.Build.0 = Release Unicode|Win32
		{2FEDB691-B909-4549-BB60-609AB6AA6BEC}.Release Unicode|x64.ActiveCfg = Release Unicode|x64
		{2FEDB691-B909-4549-BB60-609AB6AA6BEC}.Release Unicode|x64.Build.0 = Release Unicode|x64
		{2FEDB691-B909-4549-BB60-609AB6AA6BEC}.Release|Win32.ActiveCfg = Release|Win32
		{2FEDB691-B909-4549-BB60-609AB6AA6BEC}.Release|Win32.Build.0 = Release|Win32
		{2FEDB691-B909-4549-BB60-609AB6AA6BEC}.Release|x64.ActiveCfg = Release|x64
		{2FEDB691-B909-4549-BB60-609AB6AA6BEC}.Release|x64.Build.0 = Release|x64
		{2FEDB691-B909-4549-BB60-609AB6AA6BEC}.Static Debug Unicode|Win32.ActiveCfg = Debug Unicode|Win32
		{2FEDB691-B909-4549-BB60-609AB6AA6BEC}.Static Debug Unicode|Win32.Build.0 = Debug Unicode|Win32
		{2FEDB691-B909-4549-BB60-609AB6AA6BEC}.Static Debug Unicode|x64.ActiveCfg = Debug Unicode|x64
		{2FEDB691-B909-4549-BB60-609AB6AA6BEC}.Static Debug Unicode|x64.Build.0 = Debug Unicode|x64
		{2FEDB691-B909-4549-BB60-609AB6AA6BEC}.Static Debug|Win32.ActiveCfg = Debug|Win32
		{2FEDB691-B909-4549-BB60-609AB6AA6BEC}.Static Debug|Win32.Build.0 = Debug|Win32
		{2FEDB691-B909-4549-BB60-609AB6AA6BEC}.Static Debug|x64.ActiveCfg = Debug|x64
		{2FEDB691-B909-4549-BB60-609AB6AA6BEC}.Static Debug|x64.Build.0 = Debug|x64
		{2FEDB691-B909-4549-BB60-609AB6AA6BEC}.Static Release Unicode|Win32.ActiveCfg = Release Unicode|Win32
		{2FEDB691-B909-4549-BB60-609AB6AA6BEC}.Static Release Unicode|Win32.Build.0 = Release Unicode|Win32
		{2FEDB691-B909-4549-BB60-609AB6AA6BEC}.Static Release Unicode|x64.ActiveCfg = Release Unicode|x64
		{2FEDB691-B909-4549-BB60-609AB6AA6BEC}.Static Release Unicode|x64.Build.0 = Release Unicode|x64
		{2FEDB691-B909-4549-BB60-609AB6AA6BEC}.Static Release|Win32.ActiveCfg = Release|Win32
		{2FEDB691-B909-4549-BB60-609AB6AA6BEC}.Static Release|Win32.Build.0 = Release|Win32
		{2FEDB691-B909-4549-BB60-609AB6AA6BEC}.Static Release|x64.ActiveCfg = Release|x64
		{2FEDB691-B909-4549-BB60-609AB6AA6BEC}.Static Release|x64.Build.0 = Release|x64
		{A2F500C6-6903-4C2D-906D-CE86B99BA50D}.Debug Light|Win32.ActiveCfg = Debug Unicode|x64
		{A2F500C6-6903-4C2D-906D-CE86B99BA50D}.Debug Light|x64.ActiveCfg = Debug Unicode|x64
		{A2F500C6-6903-4C2D-906D-CE86B99BA50D}.Debug Light|x64.Build.0 = Debug Unicode|x64
		{A2F500C6-6903-4C2D-906D-CE86B99BA50D}.Debug Unicode|Win32.ActiveCfg = Debug Unicode|Win32
		{A2F500C6-6903-4C2D-906D-CE86B99BA50D}.Debug Unicode|Win32.Build.0 = Debug Unicode|Win32
		{A2F500C6-6903-4C2D-906D-CE86B99BA50D}.Debug Unicode|x64.ActiveCfg = Debug Unicode|x64
		{A2F500C6-6903-4C2D-906D-CE86B99BA50D}.Debug Unicode|x64.Build.0 = Debug Unicode|x64
		{A2F500C6-6903-4C2D-906D-CE86B99BA50D}.Debug|Win32.ActiveCfg = Debug|Win32
		{A2F500C6-6903-4C2D-906D-CE86B99BA50D}.Debug|Win32.Build.0 = Debug|Win32
		{A2F500C6-6903-4C2D-906D-CE86B99BA50D}.Debug|x64.ActiveCfg = Debug|x64
		{A2F500C6-6903-4C2D-906D-CE86B99BA50D}.Debug|x64.Build.0 = Debug|x64
		{A2F500C6-6903-4C2D-906D-CE86B99BA50D}.DLL ASM Debug|Win32.ActiveCfg = Debug|Win32
		{A2F500C6-6903-4C2D-906D-CE86B99BA50D}.DLL ASM Debug|Win32.Build.0 = Debug|Win32
		{A2F500C6-6903-4C2D-906D-CE86B99BA50D}.DLL ASM Debug|x64.ActiveCfg = Debug|x64
		{A2F500C6-6903-4C2D-906D-CE86B99BA50D}.DLL ASM Debug|x64.Build.0 = Debug|x64
		{A2F500C6-6903-4C2D-906D-CE86B99BA50D}.DLL ASM Release|Win32.ActiveCfg = Release|Win32
		{A2F500C6-6903-4C2D-906D-CE86B99BA50D}.DLL ASM Release|Win32.Build.0 = Release|Win32
		{A2F500C6-6903-4C2D-906D-CE86B99BA50D}.DLL ASM Release|x64.ActiveCfg = Release|x64
		{A2F500C6-6903-4C2D-906D-CE86B99BA50D}.DLL ASM Release|x64.Build.0 = Release|x64
		{A2F500C6-6903-4C2D-906D-CE86B99BA50D}.DLL Debug|Win32.ActiveCfg = Debug|Win32
		{A2F500C6-6903-4C2D-906D-CE86B99BA50D}.DLL Debug|Win32.Build.0 = Debug|Win32
		{A2F500C6-6903-4C2D-906D-CE86B99BA50D}.DLL Debug|x64.ActiveCfg = Debug|x64
		{A2F500C6-6903-4C2D-906D-CE86B99BA50D}.DLL Debug|x64.Build.0 = Debug|x64
		{A2F500C6-6903-4C2D-906D-CE86B99BA50D}.DLL Release|Win32.ActiveCfg = Release|Win32
		{A2F500C6-6903-4C2D-906D-CE86B99BA50D}.DLL Release|Win32.Build.0 = Release|Win32
		{A2F500C6-6903-4C2D-906D-CE86B99BA50D}.DLL Release|x64.ActiveCfg = Release|x64
		{A2F500C6-6903-4C2D-906D-CE86B99BA50D}.DLL Release|x64.Build.0 = Release|x64
		{A2F500C6-6903-4C2D-906D-CE86B99BA50D}.LIB ASM Debug|Win32.ActiveCfg = Debug|Win32
		{A2F500C6-6903-4C2D-906D-CE86B99BA50D}.LIB ASM Debug|Win32.Build.0 = Debug|Win32
		{A2F500C6-6903-4C2D-906D-CE86B99BA50D}.LIB ASM Debug|x64.ActiveCfg = Debug|x64
		{A2F500C6-6903-4C2D-906D-CE86B99BA50D}.LIB ASM Debug|x64.Build.0 = Debug|x64
		{A2F500C6-6903-4C2D-906D-CE86B99BA50D}.LIB ASM Release|Win32.ActiveCfg = Release|Win32
		{A2F500C6-6903-4C2D-906D-CE86B99BA50D}.LIB ASM Release|Win32.Build.0 = Release|Win32
		{A2F500C6-6903-4C2D-906D-CE86B99BA50D}.LIB ASM Release|x64.ActiveCfg = Release|x64
		{A2F500C6-6903-4C2D-906D-CE86B99BA50D}.LIB ASM Release|x64.Build.0 = Release|x64
		{A2F500C6-6903-4C2D-906D-CE86B99BA50D}.LIB Debug|Win32.ActiveCfg = Debug|Win32
		{A2F500C6-6903-4C2D-906D-CE86B99BA50D}.LIB Debug|Win32.Build.0 = Debug|Win32
		{A2F500C6-6903-4C2D-906D-CE86B99BA50D}.LIB Debug|x64.ActiveCfg = Debug|x64
		{A2F500C6-6903-4C2D-906D-CE86B99BA50D}.LIB Debug|x64.Build.0 = Debug|x64
		{A2F500C6-6903-4C2D-906D-CE86B99BA50D}.LIB Release|Win32.ActiveCfg = Release|Win32
		{A2F500C6-6903-4C2D-906D-CE86B99BA50D}.LIB Release|Win32.Build.0 = Release|Win32
		{A2F500C6-6903-4C2D-906D-CE86B99BA50D}.LIB Release|x64.ActiveCfg = Release|x64
		{A2F500C6-6903-4C2D-906D-CE86B99BA50D}.LIB Release|x64.Build.0 = Release|x64
		{A2F500C6-6903-4C2D-906D-CE86B99BA50D}.Release Debug Info|Win32.ActiveCfg = Release Debug|x64
		{A2F500C6-6903-4C2D-906D-CE86B99BA50D}.Release Debug Info|x64.ActiveCfg = Release Debug|x64
		{A2F500C6-6903-4C2D-906D-CE86B99BA50D}.Release Debug Info|x64.Build.0 = Release Debug|x64
		{A2F500C6-6903-4C2D-906D-CE86B99BA50D}.Release Debug|Win32.ActiveCfg = Release Debug|Win32
		{A2F500C6-6903-4C2D-906D-CE86B99BA50D}.Release Debug|Win32.Build.0 = Release Debug|Win32
		{A2F500C6-6903-4C2D-906D-CE86B99BA50D}.Release Debug|x64.ActiveCfg = Release Debug|x64
		{A2F500C6-6903-4C2D-906D-CE86B99BA50D}.Release Debug|x64.Build.0 = Release Debug|x64
		{A2F500C6-6903-4C2D-906D-CE86B99BA50D}.Release Light|Win32.ActiveCfg = Release Debug|x64
		{A2F500C6-6903-4C2D-906D-CE86B99BA50D}.Release Light|x64.ActiveCfg = Release Debug|x64
		{A2F500C6-6903-4C2D-906D-CE86B99BA50D}.Release Light|x64.Build.0 = Release Debug|x64
		{A2F500C6-6903-4C2D-906D-CE86B99BA50D}.Release Unicode|Win32.ActiveCfg = Release Unicode|Win32
		{A2F500C6-6903-4C2D-906D-CE86B99BA50D}.Release Unicode|Win32.Build.0 = Release Unicode|Win32
		{A2F500C6-6903-4C2D-906D-CE86B99BA50D}.Release Unicode|x64.ActiveCfg = Release Unicode|x64
		{A2F500C6-6903-4C2D-906D-CE86B99BA50D}.Release Unicode|x64.Build.0 = Release Unicode|x64
		{A2F500C6-6903-4C2D-906D-CE86B99BA50D}.Release|Win32.ActiveCfg = Release|Win32
		{A2F500C6-6903-4C2D-906D-CE86B99BA50D}.Release|Win32.Build.0 = Release|Win32
		{A2F500C6-6903-4C2D-906D-CE86B99BA50D}.Release|x64.ActiveCfg = Release|x64
		{A2F500C6-6903-4C2D-906D-CE86B99BA50D}.Release|x64.Build.0 = Release|x64
		{A2F500C6-6903-4C2D-906D-CE86B99BA50D}.Static Debug Unicode|Win32.ActiveCfg = Debug Unicode|Win32
		{A2F500C6-6903-4C2D-906D-CE86B99BA50D}.Static Debug Unicode|Win32.Build.0 = Debug Unicode|Win32
		{A2F500C6-6903-4C2D-906D-CE86B99BA50D}.Static Debug Unicode|x64.ActiveCfg = Debug Unicode|x64
		{A2F500C6-6903-4C2D-906D-CE86B99BA50D}.Static Debug Unicode|x64.Build.0 = Debug Unicode|x64
		{A2F500C6-6903-4C2D-906D-CE86B99BA50D}.Static Debug|Win32.ActiveCfg = Debug|Win32
		{A2F500C6-6903-4C2D-906D-CE86B99BA50D}.Static Debug|Win32.Build.0 = Debug|Win32
		{A2F500C6-6903-4C2D-906D-CE86B99BA50D}.Static Debug|x64.ActiveCfg = Debug|x64
		{A2F500C6-6903-4C2D-906D-CE86B99BA50D}.Static Debug|x64.Build.0 = Debug|x64
		{A2F500C6-6903-4C2D-906D-CE86B99BA50D}.Static Release Unicode|Win32.ActiveCfg = Release Unicode|Win32
		{A2F500C6-6903-4C2D-906D-CE86B99BA50D}.Static Release Unicode|Win32.Build.0 = Release Unicode|Win32
		{A2F500C6-6903-4C2D-906D-CE86B99BA50D}.Static Release Unicode|x64.ActiveCfg = Release Unicode|x64
		{A2F500C6-6903-4C2D-906D-CE86B99BA50D}.Static Release Unicode|x64.Build.0 = Release Unicode|x64
		{A2F500C6-6903-4C2D-906D-CE86B99BA50D}.Static Release|Win32.ActiveCfg = Release|Win32
		{A2F500C6-6903-4C2D-906D-CE86B99BA50D}.Static Release|Win32.Build.0 = Release|Win32
		{A2F500C6-6903-4C2D-906D-CE86B99BA50D}.Static Release|x64.ActiveCfg = Release|x64
		{A2F500C6-6903-4C2D-906D-CE86B99BA50D}.Static Release|x64.Build.0 = Release|x64
		{4575815D-1EFF-4AFF-B21C-0707E3C51A8D}.Debug Light|Win32.ActiveCfg = Debug Unicode|x64
		{4575815D-1EFF-4AFF-B21C-0707E3C51A8D}.Debug Light|x64.ActiveCfg = Debug Unicode|x64
		{4575815D-1EFF-4AFF-B21C-0707E3C51A8D}.Debug Light|x64.Build.0 = Debug Unicode|x64
		{4575815D-1EFF-4AFF-B21C-0707E3C51A8D}.Debug Unicode|Win32.ActiveCfg = Debug Unicode|Win32
		{4575815D-1EFF-4AFF-B21C-0707E3C51A8D}.Debug Unicode|Win32.Build.0 = Debug Unicode|Win32
		{4575815D-1EFF-4AFF-B21C-0707E3C51A8D}.Debug Unicode|x64.ActiveCfg = Debug Unicode|x64
		{4575815D-1EFF-4AFF-B21C-0707E3C51A8D}.Debug Unicode|x64.Build.0 = Debug Unicode|x64
		{4575815D-1EFF-4AFF-B21C-0707E3C51A8D}.Debug|Win32.ActiveCfg = Debug|Win32
		{4575815D-1EFF-4AFF-B21C-0707E3C51A8D}.Debug|Win32.Build.0 = Debug|Win32
		{4575815D-1EFF-4AFF-B21C-0707E3C51A8D}.Debug|x64.ActiveCfg = Debug|x64
		{4575815D-1EFF-4AFF-B21C-0707E3C51A8D}.Debug|x64.Build.0 = Debug|x64
		{4575815D-1EFF-4AFF-B21C-0707E3C51A8D}.DLL ASM Debug|Win32.ActiveCfg = Debug|Win32
		{4575815D-1EFF-4AFF-B21C-0707E3C51A8D}.DLL ASM Debug|Win32.Build.0 = Debug|Win32
		{4575815D-1EFF-4AFF-B21C-0707E3C51A8D}.DLL ASM Debug|x64.ActiveCfg = Debug|x64
		{4575815D-1EFF-4AFF-B21C-0707E3C51A8D}.DLL ASM Debug|x64.Build.0 = Debug|x64
		{4575815D-1EFF-4AFF-B21C-0707E3C51A8D}.DLL ASM Release|Win32.ActiveCfg = Release|Win32
		{4575815D-1EFF-4AFF-B21C-0707E3C51A8D}.DLL ASM Release|Win32.Build.0 = Release|Win32
		{4575815D-1EFF-4AFF-B21C-0707E3C51A8D}.DLL ASM Release|x64.ActiveCfg = Release|x64
		{4575815D-1EFF-4AFF-B21C-0707E3C51A8D}.DLL ASM Release|x64.Build.0 = Release|x64
		{4575815D-1EFF-4AFF-B21C-0707E3C51A8D}.DLL Debug|Win32.ActiveCfg = Debug|Win32
		{4575815D-1EFF-4AFF-B21C-0707E3C51A8D}.DLL Debug|Win32.Build.0 = Debug|Win32
		{4575815D-1EFF-4AFF-B21C-0707E3C51A8D}.DLL Debug|x64.ActiveCfg = Debug|x64
		{4575815D-1EFF-4AFF-B21C-0707E3C51A8D}.DLL Debug|x64.Build.0 = Debug|x64
		{4575815D-1EFF-4AFF-B21C-0707E3C51A8D}.DLL Release|Win32.ActiveCfg = Release|Win32
		{4575815D-1EFF-4AFF-B21C-0707E3C51A8D}.DLL Release|Win32.Build.0 = Release|Win32
		{4575815D-1EFF-4AFF-B21C-0707E3C51A8D}.DLL Release|x64.ActiveCfg = Release|x64
		{4575815D-1EFF-4AFF-B21C-0707E3C51A8D}.DLL Release|x64.Build.0 = Release|x64
		{4575815D-1EFF-4AFF-B21C-0707E3C51A8D}.LIB ASM Debug|Win32.ActiveCfg = Debug|Win32
		{4575815D-1EFF-4AFF-B21C-0707E3C51A8D}.LIB ASM Debug|Win32.Build.0 = Debug|Win32
		{4575815D-1EFF-4AFF-B21C-0707E3C51A8D}.LIB ASM Debug|x64.ActiveCfg = Debug|x64
		{4575815D-1EFF-4AFF-B21C-0707E3C51A8D}.LIB ASM Debug|x64.Build.0 = Debug|x64
		{4575815D-1EFF-4AFF-B21C-0707E3C51A8D}.LIB ASM Release|Win32.ActiveCfg = Release|Win32
		{4575815D-1EFF-4AFF-B21C-0707E3C51A8D}.LIB ASM Release|Win32.Build.0 = Release|Win32
		{4575815D-1EFF-4AFF-B21C-0707E3C51A8D}.LIB ASM Release|x64.ActiveCfg = Release|x64
		{4575815D-1EFF-4AFF-B21C-0707E3C51A8D}.LIB ASM Release|x64.Build.0 = Release|x64
		{4575815D-1EFF-4AFF-B21C-0707E3C51A8D}.LIB Debug|Win32.ActiveCfg = Debug|Win32
		{4575815D-1EFF-4AFF-B21C-0707E3C51A8D}.LIB Debug|Win32.Build.0 = Debug|Win32
		{4575815D-1EFF-4AFF-B21C-0707E3C51A8D}.LIB Debug|x64.ActiveCfg = Debug|x64
		{4575815D-1EFF-4AFF-B21C-0707E3C51A8D}.LIB Debug|x64.Build.0 = Debug|x64
		{4575815D-1EFF-4AFF-B21C-0707E3C51A8D}.LIB Release|Win32.ActiveCfg = Release|Win32
		{4575815D-1EFF-4AFF-B21C-0707E3C51A8D}.LIB Release|Win32.Build.0 = Release|Win32
		{4575815D-1EFF-4AFF-B21C-0707E3C51A8D}.LIB Release|x64.ActiveCfg = Release|x64
		{4575815D-1EFF-4AFF-B21C-0707E3C51A8D}.LIB Release|x64.Build.0 = Release|x64
		{4575815D-1EFF-4AFF-B21C-0707E3C51A8D}.Release Debug Info|Win32.ActiveCfg = Release Debug|x64
		{4575815D-1EFF-4AFF-B21C-0707E3C51A8D}.Release Debug Info|x64.ActiveCfg = Release Debug|x64
		{4575815D-1EFF-4AFF-B21C-0707E3C51A8D}.Release Debug Info|x64.Build.0 = Release Debug|x64
		{4575815D-1EFF-4AFF-B21C-0707E3C51A8D}.Release Debug|Win32.ActiveCfg = Release Debug|Win32
		{4575815D-1EFF-4AFF-B21C-0707E3C51A8D}.Release Debug|Win32.Build.0 = Release Debug|Win32
		{4575815D-1EFF-4AFF-B21C-0707E3C51A8D}.Release Debug|x64.ActiveCfg = Release Debug|x64
		{4575815D-1EFF-4AFF-B21C-0707E3C51A8D}.Release Debug|x64.Build.0 = Release Debug|x64
		{4575815D-1EFF-4AFF-B21C-0707E3C51A8D}.Release Light|Win32.ActiveCfg = Release Debug|x64
		{4575815D-1EFF-4AFF-B21C-0707E3C51A8D}.Release Light|x64.ActiveCfg = Release Debug|x64
		{4575815D-1EFF-4AFF-B21C-0707E3C51A8D}.Release Light|x64.Build.0 = Release Debug|x64
		{4575815D-1EFF-4AFF-B21C-0707E3C51A8D}.Release Unicode|Win32.ActiveCfg = Release Unicode|Win32
		{4575815D-1EFF-4AFF-B21C-0707E3C51A8D}.Release Unicode|Win32.Build.0 = Release Unicode|Win32
		{4575815D-1EFF-4AFF-B21C-0707E3C51A8D}.Release Unicode|x64.ActiveCfg = Release Unicode|x64
		{4575815D-1EFF-4AFF-B21C-0707E3C51A8D}.Release Unicode|x64.Build.0 = Release Unicode|x64
		{4575815D-1EFF-4AFF-B21C-0707E3C51A8D}.Release|Win32.ActiveCfg = Release|Win32
		{4575815D-1EFF-4AFF-B21C-0707E3C51A8D}.Release|Win32.Build.0 = Release|Win32
		{4575815D-1EFF-4AFF-B21C-0707E3C51A8D}.Release|x64.ActiveCfg = Release|x64
		{4575815D-1EFF-4AFF-B21C-0707E3C51A8D}.Release|x64.Build.0 = Release|x64
		{4575815D-1EFF-4AFF-B21C-0707E3C51A8D}.Static Debug Unicode|Win32.ActiveCfg = Static Debug Unicode|Win32
		{4575815D-1EFF-4AFF-B21C-0707E3C51A8D}.Static Debug Unicode|Win32.Build.0 = Static Debug Unicode|Win32
		{4575815D-1EFF-4AFF-B21C-0707E3C51A8D}.Static Debug Unicode|x64.ActiveCfg = Static Debug Unicode|x64
		{4575815D-1EFF-4AFF-B21C-0707E3C51A8D}.Static Debug Unicode|x64.Build.0 = Static Debug Unicode|x64
		{4575815D-1EFF-4AFF-B21C-0707E3C51A8D}.Static Debug|Win32.ActiveCfg = Static Debug|Win32
		{4575815D-1EFF-4AFF-B21C-0707E3C51A8D}.Static Debug|Win32.Build.0 = Static Debug|Win32
		{4575815D-1EFF-4AFF-B21C-0707E3C51A8D}.Static Debug|x64.ActiveCfg = Static Debug|x64
		{4575815D-1EFF-4AFF-B21C-0707E3C51A8D}.Static Debug|x64.Build.0 = Static Debug|x64
		{4575815D-1EFF-4AFF-B21C-0707E3C51A8D}.Static Release Unicode|Win32.ActiveCfg = Static Release Unicode|Win32
		{4575815D-1EFF-4AFF-B21C-0707E3C51A8D}.Static Release Unicode|Win32.Build.0 = Static Release Unicode|Win32
		{4575815D-1EFF-4AFF-B21C-0707E3C51A8D}.Static Release Unicode|x64.ActiveCfg = Static Release Unicode|x64
		{4575815D-1EFF-4AFF-B21C-0707E3C51A8D}.Static Release Unicode|x64.Build.0 = Static Release Unicode|x64
		{4575815D-1EFF-4AFF-B21C-0707E3C51A8D}.Static Release|Win32.ActiveCfg = Static Release|Win32
		{4575815D-1EFF-4AFF-B21C-0707E3C51A8D}.Static Release|Win32.Build.0 = Static Release|Win32
		{4575815D-1EFF-4AFF-B21C-0707E3C51A8D}.Static Release|x64.ActiveCfg = Static Release|x64
		{4575815D-1EFF-4AFF-B21C-0707E3C51A8D}.Static Release|x64.Build.0 = Static Release|x64
		{0F1D6674-D802-4AC0-A4C3-14FCB8EE8854}.Debug Light|Win32.ActiveCfg = Debug|Win32
		{0F1D6674-D802-4AC0-A4C3-14FCB8EE8854}.Debug Light|Win32.Build.0 = Debug|Win32
		{0F1D6674-D802-4AC0-A4C3-14FCB8EE8854}.Debug Light|x64.ActiveCfg = Debug|x64
		{0F1D6674-D802-4AC0-A4C3-14FCB8EE8854}.Debug Light|x64.Build.0 = Debug|x64
		{0F1D6674-D802-4AC0-A4C3-14FCB8EE8854}.Debug Unicode|Win32.ActiveCfg = Debug|Win32
		{0F1D6674-D802-4AC0-A4C3-14FCB8EE8854}.Debug Unicode|Win32.Build.0 = Debug|Win32
		{0F1D6674-D802-4AC0-A4C3-14FCB8EE8854}.Debug Unicode|x64.ActiveCfg = Debug|x64
		{0F1D6674-D802-4AC0-A4C3-14FCB8EE8854}.Debug Unicode|x64.Build.0 = Debug|x64
		{0F1D6674-D802-4AC0-A4C3-14FCB8EE8854}.Debug|Win32.ActiveCfg = Debug|Win32
		{0F1D6674-D802-4AC0-A4C3-14FCB8EE8854}.Debug|Win32.Build.0 = Debug|Win32
		{0F1D6674-D802-4AC0-A4C3-14FCB8EE8854}.Debug|x64.ActiveCfg = Debug|x64
		{0F1D6674-D802-4AC0-A4C3-14FCB8EE8854}.Debug|x64.Build.0 = Debug|x64
		{0F1D6674-D802-4AC0-A4C3-14FCB8EE8854}.DLL ASM Debug|Win32.ActiveCfg = Debug|Win32
		{0F1D6674-D802-4AC0-A4C3-14FCB8EE8854}.DLL ASM Debug|Win32.Build.0 = Debug|Win32
		{0F1D6674-D802-4AC0-A4C3-14FCB8EE8854}.DLL ASM Debug|x64.ActiveCfg = Debug|x64
		{0F1D6674-D802-4AC0-A4C3-14FCB8EE8854}.DLL ASM Debug|x64.Build.0 = Debug|x64
		{0F1D6674-D802-4AC0-A4C3-14FCB8EE8854}.DLL ASM Release|Win32.ActiveCfg = Release|Win32
		{0F1D6674-D802-4AC0-A4C3-14FCB8EE8854}.DLL ASM Release|Win32.Build.0 = Release|Win32
		{0F1D6674-D802-4AC0-A4C3-14FCB8EE8854}.DLL ASM Release|x64.ActiveCfg = Release|x64
		{0F1D6674-D802-4AC0-A4C3-14FCB8EE8854}.DLL ASM Release|x64.Build.0 = Release|x64
		{0F1D6674-D802-4AC0-A4C3-14FCB8EE8854}.DLL Debug|Win32.ActiveCfg = Debug|Win32
		{0F1D6674-D802-4AC0-A4C3-14FCB8EE8854}.DLL Debug|Win32.Build.0 = Debug|Win32
		{0F1D6674-D802-4AC0-A4C3-14FCB8EE8854}.DLL Debug|x64.ActiveCfg = Debug|x64
		{0F1D6674-D802-4AC0-A4C3-14FCB8EE8854}.DLL Debug|x64.Build.0 = Debug|x64
		{0F1D6674-D802-4AC0-A4C3-14FCB8EE8854}.DLL Release|Win32.ActiveCfg = Release|Win32
		{0F1D6674-D802-4AC0-A4C3-14FCB8EE8854}.DLL Release|Win32.Build.0 = Release|Win32
		{0F1D6674-D802-4AC0-A4C3-14FCB8EE8854}.DLL Release|x64.ActiveCfg = Release|x64
		{0F1D6674-D802-4AC0-A4C3-14FCB8EE8854}.DLL Release|x64.Build.0 = Release|x64
		{0F1D6674-D802-4AC0-A4C3-14FCB8EE8854}.LIB ASM Debug|Win32.ActiveCfg = Debug|Win32
		{0F1D6674-D802-4AC0-A4C3-14FCB8EE8854}.LIB ASM Debug|Win32.Build.0 = Debug|Win32
		{0F1D6674-D802-4AC0-A4C3-14FCB8EE8854}.LIB ASM Debug|x64.ActiveCfg = Debug|x64
		{0F1D6674-D802-4AC0-A4C3-14FCB8EE8854}.LIB ASM Debug|x64.Build.0 = Debug|x64
		{0F1D6674-D802-4AC0-A4C3-14FCB8EE8854}.LIB ASM Release|Win32.ActiveCfg = Release|Win32
		{0F1D6674-D802-4AC0-A4C3-14FCB8EE8854}.LIB ASM Release|Win32.Build.0 = Release|Win32
		{0F1D6674-D802-4AC0-A4C3-14FCB8EE8854}.LIB ASM Release|x64.ActiveCfg = Release|x64
		{0F1D6674-D802-4AC0-A4C3-14FCB8EE8854}.LIB ASM Release|x64.Build.0 = Release|x64
		{0F1D6674-D802-4AC0-A4C3-14FCB8EE8854}.LIB Debug|Win32.ActiveCfg = Debug|Win32
		{0F1D6674-D802-4AC0-A4C3-14FCB8EE8854}.LIB Debug|Win32.Build.0 = Debug|Win32
		{0F1D6674-D802-4AC0-A4C3-14FCB8EE8854}.LIB Debug|x64.ActiveCfg = Debug|x64
		{0F1D6674-D802-4AC0-A4C3-14FCB8EE8854}.LIB Debug|x64.Build.0 = Debug|x64
		{0F1D6674-D802-4AC0-A4C3-14FCB8EE8854}.LIB Release|Win32.ActiveCfg = Release|Win32
		{0F1D6674-D802-4AC0-A4C3-14FCB8EE8854}.LIB Release|Win32.Build.0 = Release|Win32
		{0F1D6674-D802-4AC0-A4C3-14FCB8EE8854}.LIB Release|x64.ActiveCfg = Release|x64
		{0F1D6674-D802-4AC0-A4C3-14FCB8EE8854}.LIB Release|x64.Build.0 = Release|x64
		{0F1D6674-D802-4AC0-A4C3-14FCB8EE8854}.Release Debug Info|Win32.ActiveCfg = Release|Win32
		{0F1D6674-D802-4AC0-A4C3-14FCB8EE8854}.Release Debug Info|Win32.Build.0 = Release|Win32
		{0F1D6674-D802-4AC0-A4C3-14FCB8EE8854}.Release Debug Info|x64.ActiveCfg = Release|x64
		{0F1D6674-D802-4AC0-A4C3-14FCB8EE8854}.Release Debug Info|x64.Build.0 = Release|x64
		{0F1D6674-D802-4AC0-A4C3-14FCB8EE8854}.Release Debug|Win32.ActiveCfg = Release|Win32
		{0F1D6674-D802-4AC0-A4C3-14FCB8EE8854}.Release Debug|Win32.Build.0 = Release|Win32
		{0F1D6674-D802-4AC0-A4C3-14FCB8EE8854}.Release Debug|x64.ActiveCfg = Release|x64
		{0F1D6674-D802-4AC0-A4C3-14FCB8EE8854}.Release Debug|x64.Build.0 = Release|x64
		{0F1D6674-D802-4AC0-A4C3-14FCB8EE8854}.Release Light|Win32.ActiveCfg = Release|Win32
		{0F1D6674-D802-4AC0-A4C3-14FCB8EE8854}.Release Light|Win32.Build.0 = Release|Win32
		{0F1D6674-D802-4AC0-A4C3-14FCB8EE8854}.Release Light|x64.ActiveCfg = Release|x64
		{0F1D6674-D802-4AC0-A4C3-14FCB8EE8854}.Release Light|x64.Build.0 = Release|x64
		{0F1D6674-D802-4AC0-A4C3-14FCB8EE8854}.Release Unicode|Win32.ActiveCfg = Release|Win32
		{0F1D6674-D802-4AC0-A4C3-14FCB8EE8854}.Release Unicode|Win32.Build.0 = Release|Win32
		{0F1D6674-D802-4AC0-A4C3-14FCB8EE8854}.Release Unicode|x64.ActiveCfg = Release|x64
		{0F1D6674-D802-4AC0-A4C3-14FCB8EE8854}.Release Unicode|x64.Build.0 = Release|x64
		{0F1D6674-D802-4AC0-A4C3-14FCB8EE8854}.Release|Win32.ActiveCfg = Release|Win32
		{0F1D6674-D802-4AC0-A4C3-14FCB8EE8854}.Release|Win32.Build.0 = Release|Win32
		{0F1D6674-D802-4AC0-A4C3-14FCB8EE8854}.Release|x64.ActiveCfg = Release|x64
		{0F1D6674-D802-4AC0-A4C3-14FCB8EE8854}.Release|x64.Build.0 = Release|x64
		{0F1D6674-D802-4AC0-A4C3-14FCB8EE8854}.Static Debug Unicode|Win32.ActiveCfg = Debug|Win32
		{0F1D6674-D802-4AC0-A4C3-14FCB8EE8854}.Static Debug Unicode|Win32.Build.0 = Debug|Win32
		{0F1D6674-D802-4AC0-A4C3-14FCB8EE8854}.Static Debug Unicode|x64.ActiveCfg = Debug|x64
		{0F1D6674-D802-4AC0-A4C3-14FCB8EE8854}.Static Debug Unicode|x64.Build.0 = Debug|x64
		{0F1D6674-D802-4AC0-A4C3-14FCB8EE8854}.Static Debug|Win32.ActiveCfg = Debug|Win32
		{0F1D6674-D802-4AC0-A4C3-14FCB8EE8854}.Static Debug|Win32.Build.0 = Debug|Win32
		{0F1D6674-D802-4AC0-A4C3-14FCB8EE8854}.Static Debug|x64.ActiveCfg = Debug|x64
		{0F1D6674-D802-4AC0-A4C3-14FCB8EE8854}.Static Debug|x64.Build.0 = Debug|x64
		{0F1D6674-D802-4AC0-A4C3-14FCB8EE8854}.Static Release Unicode|Win32.ActiveCfg = Release|Win32
		{0F1D6674-D802-4AC0-A4C3-14FCB8EE8854}.Static Release Unicode|Win32.Build.0 = Release|Win32
		{0F1D6674-D802-4AC0-A4C3-14FCB8EE8854}.Static Release Unicode|x64.ActiveCfg = Release|x64
		{0F1D6674-D802-4AC0-A4C3-14FCB8EE8854}.Static Release Unicode|x64.Build.0 = Release|x64
		{0F1D6674-D802-4AC0-A4C3-14FCB8EE8854}.Static Release|Win32.ActiveCfg = Release|Win32
		{0F1D6674-D802-4AC0-A4C3-14FCB8EE8854}.Static Release|Win32.Build.0 = Release|Win32
		{0F1D6674-D802-4AC0-A4C3-14FCB8EE8854}.Static Release|x64.ActiveCfg = Release|x64
		{0F1D6674-D802-4AC0-A4C3-14FCB8EE8854}.Static Release|x64.Build.0 = Release|x64
		{90721C24-BC43-450A-ADED-3417280D075B}.Debug Light|Win32.ActiveCfg = Debug|Win32
		{90721C24-BC43-450A-ADED-3417280D075B}.Debug Light|Win32.Build.0 = Debug|Win32
		{90721C24-BC43-450A-ADED-3417280D075B}.Debug Light|x64.ActiveCfg = Debug|x64
		{90721C24-BC43-450A-ADED-3417280D075B}.Debug Light|x64.Build.0 = Debug|x64
		{90721C24-BC43-450A-ADED-3417280D075B}.Debug Unicode|Win32.ActiveCfg = Debug|Win32
		{90721C24-BC43-450A-ADED-3417280D075B}.Debug Unicode|Win32.Build.0 = Debug|Win32
		{90721C24-BC43-450A-ADED-3417280D075B}.Debug Unicode|x64.ActiveCfg = Debug|x64
		{90721C24-BC43-450A-ADED-3417280D075B}.Debug Unicode|x64.Build.0 = Debug|x64
		{90721C24-BC43-450A-ADED-3417280D075B}.Debug|Win32.ActiveCfg = Debug|Win32
		{90721C24-BC43-450A-ADED-3417280D075B}.Debug|Win32.Build.0 = Debug|Win32
		{90721C24-BC43-450A-ADED-3417280D075B}.Debug|x64.ActiveCfg = Debug|x64
		{90721C24-BC43-450A-ADED-3417280D075B}.Debug|x64.Build.0 = Debug|x64
		{90721C24-BC43-450A-ADED-3417280D075B}.DLL ASM Debug|Win32.ActiveCfg = Debug|Win32
		{90721C24-BC43-450A-ADED-3417280D075B}.DLL ASM Debug|Win32.Build.0 = Debug|Win32
		{90721C24-BC43-450A-ADED-3417280D075B}.DLL ASM Debug|x64.ActiveCfg = Debug|x64
		{90721C24-BC43-450A-ADED-3417280D075B}.DLL ASM Debug|x64.Build.0 = Debug|x64
		{90721C24-BC43-450A-ADED-3417280D075B}.DLL ASM Release|Win32.ActiveCfg = Release|Win32
		{90721C24-BC43-450A-ADED-3417280D075B}.DLL ASM Release|Win32.Build.0 = Release|Win32
		{90721C24-BC43-450A-ADED-3417280D075B}.DLL ASM Release|x64.ActiveCfg = Release|x64
		{90721C24-BC43-450A-ADED-3417280D075B}.DLL ASM Release|x64.Build.0 = Release|x64
		{90721C24-BC43-450A-ADED-3417280D075B}.DLL Debug|Win32.ActiveCfg = Debug|Win32
		{90721C24-BC43-450A-ADED-3417280D075B}.DLL Debug|Win32.Build.0 = Debug|Win32
		{90721C24-BC43-450A-ADED-3417280D075B}.DLL Debug|x64.ActiveCfg = Debug|x64
		{90721C24-BC43-450A-ADED-3417280D075B}.DLL Debug|x64.Build.0 = Debug|x64
		{90721C24-BC43-450A-ADED-3417280D075B}.DLL Release|Win32.ActiveCfg = Release|Win32
		{90721C24-BC43-450A-ADED-3417280D075B}.DLL Release|Win32.Build.0 = Release|Win32
		{90721C24-BC43-450A-ADED-3417280D075B}.DLL Release|x64.ActiveCfg = Release|x64
		{90721C24-BC43-450A-ADED-3417280D075B}.DLL Release|x64.Build.0 = Release|x64
		{90721C24-BC43-450A-ADED-3417280D075B}.LIB ASM Debug|Win32.ActiveCfg = Debug|Win32
		{90721C24-BC43-450A-ADED-3417280D075B}.LIB ASM Debug|Win32.Build.0 = Debug|Win32
		{90721C24-BC43-450A-ADED-3417280D075B}.LIB ASM Debug|x64.ActiveCfg = Debug|x64
		{90721C24-BC43-450A-ADED-3417280D075B}.LIB ASM Debug|x64.Build.0 = Debug|x64
		{90721C24-BC43-450A-ADED-3417280D075B}.LIB ASM Release|Win32.ActiveCfg = Release|Win32
		{90721C24-BC43-450A-ADED-3417280D075B}.LIB ASM Release|Win32.Build.0 = Release|Win32
		{90721C24-BC43-450A-ADED-3417280D075B}.LIB ASM Release|x64.ActiveCfg = Release|x64
		{90721C24-BC43-450A-ADED-3417280D075B}.LIB ASM Release|x64.Build.0 = Release|x64
		{90721C24-BC43-450A-ADED-3417280D075B}.LIB Debug|Win32.ActiveCfg = Debug|Win32
		{90721C24-BC43-450A-ADED-3417280D075B}.LIB Debug|Win32.Build.0 = Debug|Win32
		{90721C24-BC43-450A-ADED-3417280D075B}.LIB Debug|x64.ActiveCfg = Debug|x64
		{90721C24-BC43-450A-ADED-3417280D075B}.LIB Debug|x64.Build.0 = Debug|x64
		{90721C24-BC43-450A-ADED-3417280D075B}.LIB Release|Win32.ActiveCfg = Release|Win32
		{90721C24-BC43-450A-ADED-3417280D075B}.LIB Release|Win32.Build.0 = Release|Win32
		{90721C24-BC43-450A-ADED-3417280D075B}.LIB Release|x64.ActiveCfg = Release|x64
		{90721C24-BC43-450A-ADED-3417280D075B}.LIB Release|x64.Build.0 = Release|x64
		{90721C24-BC43-450A-ADED-3417280D075B}.Release Debug Info|Win32.ActiveCfg = Release Debug|Win32
		{90721C24-BC43-450A-ADED-3417280D075B}.Release Debug Info|Win32.Build.0 = Release Debug|Win32
		{90721C24-BC43-450A-ADED-3417280D075B}.Release Debug Info|x64.ActiveCfg = Release Debug|x64
		{90721C24-BC43-450A-ADED-3417280D075B}.Release Debug Info|x64.Build.0 = Release Debug|x64
		{90721C24-BC43-450A-ADED-3417280D075B}.Release Debug|Win32.ActiveCfg = Release Debug|Win32
		{90721C24-BC43-450A-ADED-3417280D075B}.Release Debug|Win32.Build.0 = Release Debug|Win32
		{90721C24-BC43-450A-ADED-3417280D075B}.Release Debug|x64.ActiveCfg = Release Debug|x64
		{90721C24-BC43-450A-ADED-3417280D075B}.Release Debug|x64.Build.0 = Release Debug|x64
		{90721C24-BC43-450A-ADED-3417280D075B}.Release Light|Win32.ActiveCfg = Release Debug|Win32
		{90721C24-BC43-450A-ADED-3417280D075B}.Release Light|Win32.Build.0 = Release Debug|Win32
		{90721C24-BC43-450A-ADED-3417280D075B}.Release Light|x64.ActiveCfg = Release Debug|x64
		{90721C24-BC43-450A-ADED-3417280D075B}.Release Light|x64.Build.0 = Release Debug|x64
		{90721C24-BC43-450A-ADED-3417280D075B}.Release Unicode|Win32.ActiveCfg = Release Debug|Win32
		{90721C24-BC43-450A-ADED-3417280D075B}.Release Unicode|Win32.Build.0 = Release Debug|Win32
		{90721C24-BC43-450A-ADED-3417280D075B}.Release Unicode|x64.ActiveCfg = Release Debug|x64
		{90721C24-BC43-450A-ADED-3417280D075B}.Release Unicode|x64.Build.0 = Release Debug|x64
		{90721C24-BC43-450A-ADED-3417280D075B}.Release|Win32.ActiveCfg = Release|Win32
		{90721C24-BC43-450A-ADED-3417280D075B}.Release|Win32.Build.0 = Release|Win32
		{90721C24-BC43-450A-ADED-3417280D075B}.Release|x64.ActiveCfg = Release|x64
		{90721C24-BC43-450A-ADED-3417280D075B}.Release|x64.Build.0 = Release|x64
		{90721C24-BC43-450A-ADED-3417280D075B}.Static Debug Unicode|Win32.ActiveCfg = Debug|Win32
		{90721C24-BC43-450A-ADED-3417280D075B}.Static Debug Unicode|Win32.Build.0 = Debug|Win32
		{90721C24-BC43-450A-ADED-3417280D075B}.Static Debug Unicode|x64.ActiveCfg = Debug|x64
		{90721C24-BC43-450A-ADED-3417280D075B}.Static Debug Unicode|x64.Build.0 = Debug|x64
		{90721C24-BC43-450A-ADED-3417280D075B}.Static Debug|Win32.ActiveCfg = Debug|Win32
		{90721C24-BC43-450A-ADED-3417280D075B}.Static Debug|Win32.Build.0 = Debug|Win32
		{90721C24-BC43-450A-ADED-3417280D075B}.Static Debug|x64.ActiveCfg = Debug|x64
		{90721C24-BC43-450A-ADED-3417280D075B}.Static Debug|x64.Build.0 = Debug|x64
		{90721C24-BC43-450A-ADED-3417280D075B}.Static Release Unicode|Win32.ActiveCfg = Release|Win32
		{90721C24-BC43-450A-ADED-3417280D075B}.Static Release Unicode|Win32.Build.0 = Release|Win32
		{90721C24-BC43-450A-ADED-3417280D075B}.Static Release Unicode|x64.ActiveCfg = Release|x64
		{90721C24-BC43-450A-ADED-3417280D075B}.Static Release Unicode|x64.Build.0 = Release|x64
		{90721C24-BC43-450A-ADED-3417280D075B}.Static Release|Win32.ActiveCfg = Release|Win32
		{90721C24-BC43-450A-ADED-3417280D075B}.Static Release|Win32.Build.0 = Release|Win32
		{90721C24-BC43-450A-ADED-3417280D075B}.Static Release|x64.ActiveCfg = Release|x64
		{90721C24-BC43-450A-ADED-3417280D075B}.Static Release|x64.Build.0 = Release|x64
	EndGlobalSection
	GlobalSection(SolutionProperties) = preSolution
		HideSolutionNode = FALSE
	EndGlobalSection
	GlobalSection(NestedProjects) = preSolution
		{6C600366-CF2D-4AD7-AF52-44204AFAC3E8} = {A8F4069D-F6D1-4A9A-A4E5-9A22B411D691}
		{D5FB2402-A821-4474-91E7-07F0DD5866F0} = {A8F4069D-F6D1-4A9A-A4E5-9A22B411D691}
		{F601E087-97A7-40A5-9536-0CFCB66B33C2} = {6C600366-CF2D-4AD7-AF52-44204AFAC3E8}
		{AFE2867B-EABF-4820-9C05-0DB3C4EB30A7} = {6C600366-CF2D-4AD7-AF52-44204AFAC3E8}
		{39E3B29D-D9B3-4352-BB7E-ED135FC13E30} = {6C600366-CF2D-4AD7-AF52-44204AFAC3E8}
		{2FEDB691-B909-4549-BB60-609AB6AA6BEC} = {6C600366-CF2D-4AD7-AF52-44204AFAC3E8}
		{A2F500C6-6903-4C2D-906D-CE86B99BA50D} = {6C600366-CF2D-4AD7-AF52-44204AFAC3E8}
		{4575815D-1EFF-4AFF-B21C-0707E3C51A8D} = {6C600366-CF2D-4AD7-AF52-44204AFAC3E8}
		{0F1D6674-D802-4AC0-A4C3-14FCB8EE8854} = {A8F4069D-F6D1-4A9A-A4E5-9A22B411D691}
	EndGlobalSection
	GlobalSection(ExtensibilityGlobals) = postSolution
		SolutionGuid = {64F56483-090C-45A4-9437-FC1753EF3BA5}
	EndGlobalSection
EndGlobal
