<?xml version="1.0" encoding="utf-8"?>
<Project ToolsVersion="4.0" xmlns="http://schemas.microsoft.com/developer/msbuild/2003">
  <ItemGroup>
    <Filter Include="Source Files">
      <UniqueIdentifier>{abc23be9-5378-435d-8d09-328460486c07}</UniqueIdentifier>
      <Extensions>cpp;c;cxx;rc;def;r;odl;idl;hpj;bat</Extensions>
    </Filter>
    <Filter Include="Header Files">
      <UniqueIdentifier>{5337efb6-d249-4453-84f5-03ad1cdf2da1}</UniqueIdentifier>
      <Extensions>h;hpp;hxx;hm;inl</Extensions>
    </Filter>
  </ItemGroup>
  <ItemGroup>
    <ClCompile Include="Source\ZExcBase.cpp">
      <Filter>Source Files</Filter>
    </ClCompile>
    <ClCompile Include="Source\ZExcept.cpp">
      <Filter>Source Files</Filter>
    </ClCompile>
    <ClCompile Include="source\zmstrlck.cpp">
      <Filter>Source Files</Filter>
    </ClCompile>
    <ClCompile Include="Source\ZResLock.cpp">
      <Filter>Source Files</Filter>
    </ClCompile>
    <ClCompile Include="Source\ZTrace.cpp">
      <Filter>Source Files</Filter>
    </ClCompile>
  </ItemGroup>
  <ItemGroup>
    <ClInclude Include="ZDefs.h">
      <Filter>Header Files</Filter>
    </ClInclude>
    <ClInclude Include="zexcbase.h">
      <Filter>Header Files</Filter>
    </ClInclude>
    <ClInclude Include="zexcept.h">
      <Filter>Header Files</Filter>
    </ClInclude>
    <ClInclude Include="zmstrlck.h">
      <Filter>Header Files</Filter>
    </ClInclude>
    <ClInclude Include="ZPtr.h">
      <Filter>Header Files</Filter>
    </ClInclude>
    <ClInclude Include="ZResLock.h">
      <Filter>Header Files</Filter>
    </ClInclude>
    <ClInclude Include="ZSingle.h">
      <Filter>Header Files</Filter>
    </ClInclude>
    <ClInclude Include="ztrace.h">
      <Filter>Header Files</Filter>
    </ClInclude>
  </ItemGroup>
</Project>