<?xml version="1.0" encoding="utf-8"?>
<Project ToolsVersion="4.0" xmlns="http://schemas.microsoft.com/developer/msbuild/2003">
  <ItemGroup>
    <Filter Include="Source Files">
      <UniqueIdentifier>{4FC737F1-C7A5-4376-A066-2A32D752A2FF}</UniqueIdentifier>
      <Extensions>cpp;c;cc;cxx;def;odl;idl;hpj;bat;asm;asmx</Extensions>
    </Filter>
    <Filter Include="Header Files">
      <UniqueIdentifier>{93995380-89BD-4b04-88EB-625FBE52EBFB}</UniqueIdentifier>
      <Extensions>h;hpp;hxx;hm;inl;inc;xsd</Extensions>
    </Filter>
    <Filter Include="Resource Files">
      <UniqueIdentifier>{67DA6AB6-F800-4c08-8B7A-83BB121AAD01}</UniqueIdentifier>
      <Extensions>rc;ico;cur;bmp;dlg;rc2;rct;bin;rgs;gif;jpg;jpeg;jpe;resx;tiff;tif;png;wav</Extensions>
    </Filter>
  </ItemGroup>
  <ItemGroup>
    <ClCompile Include="CreateRoundCornerRegion.cpp">
      <Filter>Source Files</Filter>
    </ClCompile>
    <ClCompile Include="DIB.cpp">
      <Filter>Source Files</Filter>
    </ClCompile>
    <ClCompile Include="DIBAlphaBlend.cpp">
      <Filter>Source Files</Filter>
    </ClCompile>
    <ClCompile Include="DIBBlur.cpp">
      <Filter>Source Files</Filter>
    </ClCompile>
    <ClCompile Include="DIBClearToColour.cpp">
      <Filter>Source Files</Filter>
    </ClCompile>
    <ClCompile Include="DIBConvertToGrayScale.cpp">
      <Filter>Source Files</Filter>
    </ClCompile>
    <ClCompile Include="DIBCreateCopy.cpp">
      <Filter>Source Files</Filter>
    </ClCompile>
    <ClCompile Include="DIBCreateRegionFromTransparency.cpp">
      <Filter>Source Files</Filter>
    </ClCompile>
    <ClCompile Include="DIBCreateResized.cpp">
      <Filter>Source Files</Filter>
    </ClCompile>
    <ClCompile Include="DIBDrawBitmapOntoUs.cpp">
      <Filter>Source Files</Filter>
    </ClCompile>
    <ClCompile Include="DIBDrawLine.cpp">
      <Filter>Source Files</Filter>
    </ClCompile>
    <ClCompile Include="DIBDrawTransparent.cpp">
      <Filter>Source Files</Filter>
    </ClCompile>
    <ClCompile Include="DIBDrawWithAlphaChannel.cpp">
      <Filter>Source Files</Filter>
    </ClCompile>
    <ClCompile Include="DIBFillRect.cpp">
      <Filter>Source Files</Filter>
    </ClCompile>
    <ClCompile Include="DIBGetPixel.cpp">
      <Filter>Source Files</Filter>
    </ClCompile>
    <ClCompile Include="DIBGradientFillLeftToRight.cpp">
      <Filter>Source Files</Filter>
    </ClCompile>
    <ClCompile Include="DIBGradientFillTopToBottom.cpp">
      <Filter>Source Files</Filter>
    </ClCompile>
    <ClCompile Include="DIBPutPixel.cpp">
      <Filter>Source Files</Filter>
    </ClCompile>
    <ClCompile Include="DIBPutPixelBlend.cpp">
      <Filter>Source Files</Filter>
    </ClCompile>
    <ClCompile Include="DIBRectangle.cpp">
      <Filter>Source Files</Filter>
    </ClCompile>
    <ClCompile Include="DIBSetColourTransparent.cpp">
      <Filter>Source Files</Filter>
    </ClCompile>
    <ClCompile Include="DrawBitmapShadow.cpp">
      <Filter>Source Files</Filter>
    </ClCompile>
    <ClCompile Include="drawcontext.cpp">
      <Filter>Source Files</Filter>
    </ClCompile>
    <ClCompile Include="GradientFill.cpp">
      <Filter>Source Files</Filter>
    </ClCompile>
    <ClCompile Include="GuiBaseObject.cpp">
      <Filter>Source Files</Filter>
    </ClCompile>
    <ClCompile Include="GuiBaseWindowObject.cpp">
      <Filter>Source Files</Filter>
    </ClCompile>
    <ClCompile Include="Guitooltip.cpp">
      <Filter>Source Files</Filter>
    </ClCompile>
    <ClCompile Include="palette.cpp">
      <Filter>Source Files</Filter>
    </ClCompile>
    <ClCompile Include="RadialGradient.cpp">
      <Filter>Source Files</Filter>
    </ClCompile>
    <ClCompile Include="stdafx.cpp">
      <Filter>Source Files</Filter>
    </ClCompile>
  </ItemGroup>
  <ItemGroup>
    <ClInclude Include="..\reuse\Array.h">
      <Filter>Header Files</Filter>
    </ClInclude>
    <ClInclude Include="CompatibleDC.h">
      <Filter>Header Files</Filter>
    </ClInclude>
    <ClInclude Include="DIB.h">
      <Filter>Header Files</Filter>
    </ClInclude>
    <ClInclude Include="drawcontext.h">
      <Filter>Header Files</Filter>
    </ClInclude>
    <ClInclude Include="FontDef.h">
      <Filter>Header Files</Filter>
    </ClInclude>
    <ClInclude Include="GradientFill.h">
      <Filter>Header Files</Filter>
    </ClInclude>
    <ClInclude Include="GuiBaseObject.h">
      <Filter>Header Files</Filter>
    </ClInclude>
    <ClInclude Include="GuiBaseWindowObject.h">
      <Filter>Header Files</Filter>
    </ClInclude>
    <ClInclude Include="GuiHotMixin.h">
      <Filter>Header Files</Filter>
    </ClInclude>
    <ClInclude Include="GuiTools.h">
      <Filter>Header Files</Filter>
    </ClInclude>
    <ClInclude Include="Guitooltip.h">
      <Filter>Header Files</Filter>
    </ClInclude>
    <ClInclude Include="palette.h">
      <Filter>Header Files</Filter>
    </ClInclude>
    <ClInclude Include="SmoothAnimationCalc.h">
      <Filter>Header Files</Filter>
    </ClInclude>
    <ClInclude Include="stdafx.h">
      <Filter>Header Files</Filter>
    </ClInclude>
    <ClInclude Include="targetver.h">
      <Filter>Header Files</Filter>
    </ClInclude>
  </ItemGroup>
  <ItemGroup>
    <None Include="..\reuse\Array.inl">
      <Filter>Header Files</Filter>
    </None>
    <None Include="DrawContext.inl">
      <Filter>Header Files</Filter>
    </None>
  </ItemGroup>
  <ItemGroup>
    <Text Include="ReadMe.txt" />
  </ItemGroup>
</Project>