<?xml version="1.0" encoding="utf-8"?>
<Project ToolsVersion="4.0" xmlns="http://schemas.microsoft.com/developer/msbuild/2003">
  <ItemGroup>
    <Filter Include="Source Files">
      <UniqueIdentifier>{4FC737F1-C7A5-4376-A066-2A32D752A2FF}</UniqueIdentifier>
      <Extensions>cpp;c;cc;cxx;def;odl;idl;hpj;bat;asm;asmx</Extensions>
    </Filter>
    <Filter Include="Header Files">
      <UniqueIdentifier>{93995380-89BD-4b04-88EB-625FBE52EBFB}</UniqueIdentifier>
      <Extensions>h;hpp;hxx;hm;inl;inc;xsd</Extensions>
    </Filter>
    <Filter Include="Resource Files">
      <UniqueIdentifier>{67DA6AB6-F800-4c08-8B7A-83BB121AAD01}</UniqueIdentifier>
      <Extensions>rc;ico;cur;bmp;dlg;rc2;rct;bin;rgs;gif;jpg;jpeg;jpe;resx;tiff;tif;png;wav</Extensions>
    </Filter>
    <Filter Include="Tools">
      <UniqueIdentifier>{7a33a916-abde-4e02-8cfc-986c77615128}</UniqueIdentifier>
    </Filter>
    <Filter Include="Kernel">
      <UniqueIdentifier>{44a3746c-269b-4d46-913f-ddbd39bb1268}</UniqueIdentifier>
    </Filter>
  </ItemGroup>
  <ItemGroup>
    <ClCompile Include="DeepSkyStackerCL.cpp">
      <Filter>Source Files</Filter>
    </ClCompile>
    <ClCompile Include="..\DeepSkyStacker\SetUILanguage.cpp">
      <Filter>Source Files</Filter>
    </ClCompile>
    <ClCompile Include="stdafx.cpp">
      <Filter>Source Files</Filter>
    </ClCompile>
    <ClCompile Include="..\Tools\Registry.cpp">
      <Filter>Tools</Filter>
    </ClCompile>
    <ClCompile Include="..\Tools\RegMFC.cpp">
      <Filter>Tools</Filter>
    </ClCompile>
    <ClCompile Include="..\DeepSkyStacker\AHDDemosaicing.cpp">
      <Filter>Kernel</Filter>
    </ClCompile>
    <ClCompile Include="..\DeepSkyStacker\BackgroundCalibration.cpp">
      <Filter>Kernel</Filter>
    </ClCompile>
    <ClCompile Include="..\DeepSkyStacker\BitmapExt.cpp">
      <Filter>Kernel</Filter>
    </ClCompile>
    <ClCompile Include="..\DeepSkyStacker\ChannelAlign.cpp">
      <Filter>Kernel</Filter>
    </ClCompile>
    <ClCompile Include="..\DeepSkyStacker\CosmeticEngine.cpp">
      <Filter>Kernel</Filter>
    </ClCompile>
    <ClCompile Include="..\DeepSkyStacker\DarkFrame.cpp">
      <Filter>Kernel</Filter>
    </ClCompile>
    <ClCompile Include="..\DCRaw\dcraw.c">
      <Filter>Kernel</Filter>
    </ClCompile>
    <ClCompile Include="..\DeepSkyStacker\DeBloom.cpp">
      <Filter>Kernel</Filter>
    </ClCompile>
    <ClCompile Include="..\DeepSkyStacker\EntropyInfo.cpp">
      <Filter>Kernel</Filter>
    </ClCompile>
    <ClCompile Include="..\DeepSkyStacker\Filters.cpp">
      <Filter>Kernel</Filter>
    </ClCompile>
    <ClCompile Include="..\DeepSkyStacker\FITSUtil.cpp">
      <Filter>Kernel</Filter>
    </ClCompile>
    <ClCompile Include="..\DeepSkyStacker\FlatFrame.cpp">
      <Filter>Kernel</Filter>
    </ClCompile>
    <ClCompile Include="..\DeepSkyStacker\FrameInfo.cpp">
      <Filter>Kernel</Filter>
    </ClCompile>
    <ClCompile Include="..\DeepSkyStacker\FrameList.cpp">
      <Filter>Kernel</Filter>
    </ClCompile>
    <ClCompile Include="..\DeepSkyStacker\MasterFrames.cpp">
      <Filter>Kernel</Filter>
    </ClCompile>
    <ClCompile Include="..\DeepSkyStacker\MatchingStars.cpp">
      <Filter>Kernel</Filter>
    </ClCompile>
    <ClCompile Include="..\DeepSkyStacker\MultiBitmapProcess.cpp">
      <Filter>Kernel</Filter>
    </ClCompile>
    <ClCompile Include="..\DeepSkyStacker\Multitask.cpp">
      <Filter>Kernel</Filter>
    </ClCompile>
    <ClCompile Include="..\DeepSkyStacker\RAWUtils.cpp">
      <Filter>Kernel</Filter>
    </ClCompile>
    <ClCompile Include="..\DeepSkyStacker\RegisterEngine.cpp">
      <Filter>Kernel</Filter>
    </ClCompile>
    <ClCompile Include="..\DeepSkyStacker\Settings.cpp">
      <Filter>Kernel</Filter>
    </ClCompile>
    <ClCompile Include="..\DeepSkyStacker\StackingEngine.cpp">
      <Filter>Kernel</Filter>
    </ClCompile>
    <ClCompile Include="..\DeepSkyStacker\StackingTasks.cpp">
      <Filter>Kernel</Filter>
    </ClCompile>
    <ClCompile Include="..\DeepSkyStacker\TIFFUtil.cpp">
      <Filter>Kernel</Filter>
    </ClCompile>
    <ClCompile Include="..\DeepSkyStacker\Workspace.cpp">
      <Filter>Kernel</Filter>
    </ClCompile>
    <ClCompile Include="..\DeepSkyStacker\TaskPool.cpp">
      <Filter>Kernel</Filter>
    </ClCompile>
  </ItemGroup>
  <ItemGroup>
    <ClInclude Include="ProgressConsole.h">
      <Filter>Source Files</Filter>
    </ClInclude>
    <ClInclude Include="..\DeepSkyStacker\SetUILanguage.h">
      <Filter>Source Files</Filter>
    </ClInclude>
    <ClInclude Include="stdafx.h">
      <Filter>Header Files</Filter>
    </ClInclude>
    <ClInclude Include="..\Tools\Registry.h">
      <Filter>Tools</Filter>
    </ClInclude>
    <ClInclude Include="..\Tools\SmartPtr.h">
      <Filter>Tools</Filter>
    </ClInclude>
    <ClInclude Include="..\Tools\StdString.h">
      <Filter>Tools</Filter>
    </ClInclude>
    <ClInclude Include="..\DeepSkyStacker\AHDDemosaicing.h">
      <Filter>Kernel</Filter>
    </ClInclude>
    <ClInclude Include="..\DeepSkyStacker\BackgroundCalibration.h">
      <Filter>Kernel</Filter>
    </ClInclude>
    <ClInclude Include="..\DeepSkyStacker\BezierAdjust.h">
      <Filter>Kernel</Filter>
    </ClInclude>
    <ClInclude Include="..\DeepSkyStacker\BitmapExt.h">
      <Filter>Kernel</Filter>
    </ClInclude>
    <ClInclude Include="..\DeepSkyStacker\ChannelAlign.h">
      <Filter>Kernel</Filter>
    </ClInclude>
    <ClInclude Include="..\DeepSkyStacker\Common.h">
      <Filter>Kernel</Filter>
    </ClInclude>
    <ClInclude Include="..\DeepSkyStacker\CosmeticEngine.h">
      <Filter>Kernel</Filter>
    </ClInclude>
    <ClInclude Include="..\DeepSkyStacker\DarkFrame.h">
      <Filter>Kernel</Filter>
    </ClInclude>
    <ClInclude Include="..\DeepSkyStacker\DeBloom.h">
      <Filter>Kernel</Filter>
    </ClInclude>
    <ClInclude Include="..\DeepSkyStacker\DSSCommon.h">
      <Filter>Kernel</Filter>
    </ClInclude>
    <ClInclude Include="..\DeepSkyStacker\DSSProgress.h">
      <Filter>Kernel</Filter>
    </ClInclude>
    <ClInclude Include="..\DeepSkyStacker\DSSTools.h">
      <Filter>Kernel</Filter>
    </ClInclude>
    <ClInclude Include="..\DeepSkyStacker\EntropyInfo.h">
      <Filter>Kernel</Filter>
    </ClInclude>
    <ClInclude Include="..\DeepSkyStacker\Filters.h">
      <Filter>Kernel</Filter>
    </ClInclude>
    <ClInclude Include="..\DeepSkyStacker\FITSUtil.h">
      <Filter>Kernel</Filter>
    </ClInclude>
    <ClInclude Include="..\DeepSkyStacker\FlatFrame.h">
      <Filter>Kernel</Filter>
    </ClInclude>
    <ClInclude Include="..\DeepSkyStacker\FrameInfo.h">
      <Filter>Kernel</Filter>
    </ClInclude>
    <ClInclude Include="..\DeepSkyStacker\FrameList.h">
      <Filter>Kernel</Filter>
    </ClInclude>
    <ClInclude Include="..\DeepSkyStacker\Histogram.h">
      <Filter>Kernel</Filter>
    </ClInclude>
    <ClInclude Include="..\DeepSkyStacker\MasterFrames.h">
      <Filter>Kernel</Filter>
    </ClInclude>
    <ClInclude Include="..\DeepSkyStacker\MatchingStars.h">
      <Filter>Kernel</Filter>
    </ClInclude>
    <ClInclude Include="..\DeepSkyStacker\MultiBitmapProcess.h">
      <Filter>Kernel</Filter>
    </ClInclude>
    <ClInclude Include="..\DeepSkyStacker\Multitask.h">
      <Filter>Kernel</Filter>
    </ClInclude>
    <ClInclude Include="..\DeepSkyStacker\PixelTransform.h">
      <Filter>Kernel</Filter>
    </ClInclude>
    <ClInclude Include="..\DeepSkyStacker\RAWUtils.h">
      <Filter>Kernel</Filter>
    </ClInclude>
    <ClInclude Include="..\DeepSkyStacker\RegisterEngine.h">
      <Filter>Kernel</Filter>
    </ClInclude>
    <ClInclude Include="..\DeepSkyStacker\Settings.h">
      <Filter>Kernel</Filter>
    </ClInclude>
    <ClInclude Include="..\DeepSkyStacker\StackingEngine.h">
      <Filter>Kernel</Filter>
    </ClInclude>
    <ClInclude Include="..\DeepSkyStacker\StackingTasks.h">
      <Filter>Kernel</Filter>
    </ClInclude>
    <ClInclude Include="..\DeepSkyStacker\TIFFUtil.h">
      <Filter>Kernel</Filter>
    </ClInclude>
    <ClInclude Include="..\DeepSkyStacker\Workspace.h">
      <Filter>Kernel</Filter>
    </ClInclude>
    <ClInclude Include="..\DeepSkyStacker\TaskPool.h">
      <Filter>Kernel</Filter>
    </ClInclude>
  </ItemGroup>
  <ItemGroup>
    <ResourceCompile Include="..\DeepSkyStacker\DeepSkyStacker.rc">
      <Filter>Resource Files</Filter>
    </ResourceCompile>
    <ResourceCompile Include="..\DeepSkyStacker\DeepSkyStackerCAT.rc">
      <Filter>Resource Files</Filter>
    </ResourceCompile>
    <ResourceCompile Include="..\DeepSkyStacker\DeepSkyStackerCN2.rc">
      <Filter>Resource Files</Filter>
    </ResourceCompile>
    <ResourceCompile Include="..\DeepSkyStacker\DeepSkyStackerCZ.rc">
      <Filter>Resource Files</Filter>
    </ResourceCompile>
    <ResourceCompile Include="..\DeepSkyStacker\DeepSkyStackerDE.rc">
      <Filter>Resource Files</Filter>
    </ResourceCompile>
    <ResourceCompile Include="..\DeepSkyStacker\DeepSkyStackerEN.rc">
      <Filter>Resource Files</Filter>
    </ResourceCompile>
    <ResourceCompile Include="..\DeepSkyStacker\DeepSkyStackerES.rc">
      <Filter>Resource Files</Filter>
    </ResourceCompile>
    <ResourceCompile Include="..\DeepSkyStacker\DeepSkyStackerFR.rc">
      <Filter>Resource Files</Filter>
    </ResourceCompile>
    <ResourceCompile Include="..\DeepSkyStacker\DeepSkyStackerIT.rc">
      <Filter>Resource Files</Filter>
    </ResourceCompile>
    <ResourceCompile Include="..\DeepSkyStacker\DeepSkyStackerNL.rc">
      <Filter>Resource Files</Filter>
    </ResourceCompile>
    <ResourceCompile Include="..\DeepSkyStacker\DeepSkyStackerPTB.rc">
      <Filter>Resource Files</Filter>
    </ResourceCompile>
    <ResourceCompile Include="..\DeepSkyStacker\DeepSkyStackerRO.rc">
      <Filter>Resource Files</Filter>
    </ResourceCompile>
    <ResourceCompile Include="..\DeepSkyStacker\DeepSkyStackerRU.rc">
      <Filter>Resource Files</Filter>
    </ResourceCompile>
    <ResourceCompile Include="..\DeepSkyStacker\DeepSkyStackerTR.rc">
      <Filter>Resource Files</Filter>
    </ResourceCompile>
  </ItemGroup>
  <ItemGroup>
    <Text Include="ReadMe.txt" />
  </ItemGroup>
  <ItemGroup>
    <Image Include="..\DeepSkyStacker\res\ImageList_GrayScale.bmp">
      <Filter>Resource Files</Filter>
    </Image>
    <Image Include="..\DeepSkyStacker\res\ImageList_CFA_CYMG.bmp">
      <Filter>Resource Files</Filter>
    </Image>
    <Image Include="..\DeepSkyStacker\res\ImageList_CFA_RGB.bmp">
      <Filter>Resource Files</Filter>
    </Image>
    <Image Include="..\DeepSkyStacker\res\ImageList_Color.bmp">
      <Filter>Resource Files</Filter>
    </Image>
    <Image Include="..\DeepSkyStacker\res\asinh.bmp">
      <Filter>Resource Files</Filter>
    </Image>
    <Image Include="..\DeepSkyStacker\res\cuberoot.bmp">
      <Filter>Resource Files</Filter>
    </Image>
    <Image Include="..\DeepSkyStacker\res\log.bmp">
      <Filter>Resource Files</Filter>
    </Image>
    <Image Include="..\DeepSkyStacker\res\loglog.bmp">
      <Filter>Resource Files</Filter>
    </Image>
    <Image Include="..\DeepSkyStacker\res\logsqrt.bmp">
      <Filter>Resource Files</Filter>
    </Image>
    <Image Include="..\DeepSkyStacker\res\sqrt.bmp">
      <Filter>Resource Files</Filter>
    </Image>
    <Image Include="..\DeepSkyStacker\res\linear_en.bmp">
      <Filter>Resource Files</Filter>
    </Image>
    <Image Include="..\DeepSkyStacker\res\hdrup.bmp">
      <Filter>Resource Files</Filter>
    </Image>
    <Image Include="..\DeepSkyStacker\res\hdrdown.bmp">
      <Filter>Resource Files</Filter>
    </Image>
    <Image Include="..\DeepSkyStacker\res\normalmode.bmp">
      <Filter>Resource Files</Filter>
    </Image>
    <Image Include="..\DeepSkyStacker\res\mosaicmode.bmp">
      <Filter>Resource Files</Filter>
    </Image>
    <Image Include="..\DeepSkyStacker\res\Pattern_RGGB.bmp">
      <Filter>Resource Files</Filter>
    </Image>
    <Image Include="..\DeepSkyStacker\res\Pattern_BGGR.bmp">
      <Filter>Resource Files</Filter>
    </Image>
    <Image Include="..\DeepSkyStacker\res\Pattern_GBRG.bmp">
      <Filter>Resource Files</Filter>
    </Image>
    <Image Include="..\DeepSkyStacker\res\Pattern_GRBG.bmp">
      <Filter>Resource Files</Filter>
    </Image>
    <Image Include="..\DeepSkyStacker\res\Pattern_CYGMCYMG.bmp">
      <Filter>Resource Files</Filter>
    </Image>
    <Image Include="..\DeepSkyStacker\res\ImageList_Mask.bmp">
      <Filter>Resource Files</Filter>
    </Image>
    <Image Include="..\DeepSkyStacker\res\custommode.bmp">
      <Filter>Resource Files</Filter>
    </Image>
    <Image Include="..\DeepSkyStacker\res\StarShape_TruncatedCone.bmp">
      <Filter>Resource Files</Filter>
    </Image>
    <Image Include="..\DeepSkyStacker\res\StarShape_Bell.bmp">
      <Filter>Resource Files</Filter>
    </Image>
    <Image Include="..\DeepSkyStacker\res\StarShape_Cone.bmp">
      <Filter>Resource Files</Filter>
    </Image>
    <Image Include="..\DeepSkyStacker\res\StarShape_Cubic.bmp">
      <Filter>Resource Files</Filter>
    </Image>
    <Image Include="..\DeepSkyStacker\res\StarShape_Quadratic.bmp">
      <Filter>Resource Files</Filter>
    </Image>
    <Image Include="..\DeepSkyStacker\res\StarShape_TruncatedBell.bmp">
      <Filter>Resource Files</Filter>
    </Image>
    <Image Include="..\DeepSkyStacker\Buttons\ButtonBase_up.bmp">
      <Filter>Resource Files</Filter>
    </Image>
    <Image Include="..\DeepSkyStacker\Buttons\ButtonBase_down.bmp">
      <Filter>Resource Files</Filter>
    </Image>
    <Image Include="..\DeepSkyStacker\Buttons\ButtonBase_hot.bmp">
      <Filter>Resource Files</Filter>
    </Image>
    <Image Include="..\DeepSkyStacker\Buttons\ButtonBase_mask.bmp">
      <Filter>Resource Files</Filter>
    </Image>
    <Image Include="..\DeepSkyStacker\Buttons\ButtonStar_Up.bmp">
      <Filter>Resource Files</Filter>
    </Image>
    <Image Include="..\DeepSkyStacker\Buttons\ButtonComet_Disabled.bmp">
      <Filter>Resource Files</Filter>
    </Image>
    <Image Include="..\DeepSkyStacker\Buttons\ButtonComet_Down.bmp">
      <Filter>Resource Files</Filter>
    </Image>
    <Image Include="..\DeepSkyStacker\Buttons\ButtonComet_Hot.bmp">
      <Filter>Resource Files</Filter>
    </Image>
    <Image Include="..\DeepSkyStacker\Buttons\ButtonComet_Up.bmp">
      <Filter>Resource Files</Filter>
    </Image>
    <Image Include="..\DeepSkyStacker\Buttons\ButtonSave_Disabled.bmp">
      <Filter>Resource Files</Filter>
    </Image>
    <Image Include="..\DeepSkyStacker\Buttons\ButtonSave_Down.bmp">
      <Filter>Resource Files</Filter>
    </Image>
    <Image Include="..\DeepSkyStacker\Buttons\ButtonSave_Hot.bmp">
      <Filter>Resource Files</Filter>
    </Image>
    <Image Include="..\DeepSkyStacker\Buttons\ButtonSave_Up.bmp">
      <Filter>Resource Files</Filter>
    </Image>
    <Image Include="..\DeepSkyStacker\Buttons\ButtonSelect_Disabled.bmp">
      <Filter>Resource Files</Filter>
    </Image>
    <Image Include="..\DeepSkyStacker\Buttons\ButtonSelect_Down.bmp">
      <Filter>Resource Files</Filter>
    </Image>
    <Image Include="..\DeepSkyStacker\Buttons\ButtonSelect_Hot.bmp">
      <Filter>Resource Files</Filter>
    </Image>
    <Image Include="..\DeepSkyStacker\Buttons\ButtonSelect_Up.bmp">
      <Filter>Resource Files</Filter>
    </Image>
    <Image Include="..\DeepSkyStacker\Buttons\ButtonStar_Disabled.bmp">
      <Filter>Resource Files</Filter>
    </Image>
    <Image Include="..\DeepSkyStacker\Buttons\ButtonStar_Down.bmp">
      <Filter>Resource Files</Filter>
    </Image>
    <Image Include="..\DeepSkyStacker\Buttons\ButtonStar_Hot.bmp">
      <Filter>Resource Files</Filter>
    </Image>
    <Image Include="..\DeepSkyStacker\res\Comet_Trails.bmp">
      <Filter>Resource Files</Filter>
    </Image>
    <Image Include="..\DeepSkyStacker\res\Comet_Freeze.bmp">
      <Filter>Resource Files</Filter>
    </Image>
    <Image Include="..\DeepSkyStacker\res\Comet_Normal.bmp">
      <Filter>Resource Files</Filter>
    </Image>
    <Image Include="..\DeepSkyStacker\res\4Corners.bmp">
      <Filter>Resource Files</Filter>
    </Image>
    <Image Include="..\DeepSkyStacker\res\intersectionmode.bmp">
      <Filter>Resource Files</Filter>
    </Image>
    <Image Include="..\DeepSkyStacker\app.ico">
      <Filter>Resource Files</Filter>
    </Image>
    <Image Include="..\DeepSkyStacker\openfile.ico">
      <Filter>Resource Files</Filter>
    </Image>
    <Image Include="..\DeepSkyStacker\undo.ico">
      <Filter>Resource Files</Filter>
    </Image>
    <Image Include="..\DeepSkyStacker\redo.ico">
      <Filter>Resource Files</Filter>
    </Image>
    <Image Include="..\DeepSkyStacker\settings.ico">
      <Filter>Resource Files</Filter>
    </Image>
    <Image Include="..\DeepSkyStacker\res\lightframe.ico">
      <Filter>Resource Files</Filter>
    </Image>
    <Image Include="..\DeepSkyStacker\res\darkframe.ico">
      <Filter>Resource Files</Filter>
    </Image>
    <Image Include="..\DeepSkyStacker\res\flatframe.ico">
      <Filter>Resource Files</Filter>
    </Image>
    <Image Include="..\DeepSkyStacker\res\offsetframe.ico">
      <Filter>Resource Files</Filter>
    </Image>
    <Image Include="..\DeepSkyStacker\filelist.ico">
      <Filter>Resource Files</Filter>
    </Image>
    <Image Include="..\DeepSkyStacker\res\logo.png">
      <Filter>Resource Files</Filter>
    </Image>
    <Image Include="..\DeepSkyStacker\res\Spanish.png">
      <Filter>Resource Files</Filter>
    </Image>
    <Image Include="..\DeepSkyStacker\res\Italian.png">
      <Filter>Resource Files</Filter>
    </Image>
    <Image Include="..\DeepSkyStacker\res\Czech.png">
      <Filter>Resource Files</Filter>
    </Image>
    <Image Include="..\DeepSkyStacker\res\Catalan.png">
      <Filter>Resource Files</Filter>
    </Image>
    <Image Include="..\DeepSkyStacker\res\German.png">
      <Filter>Resource Files</Filter>
    </Image>
    <Image Include="..\DeepSkyStacker\res\Dutch.png">
      <Filter>Resource Files</Filter>
    </Image>
    <Image Include="..\DeepSkyStacker\res\Taiwan.png">
      <Filter>Resource Files</Filter>
    </Image>
    <Image Include="..\DeepSkyStacker\res\Portugal.png">
      <Filter>Resource Files</Filter>
    </Image>
    <Image Include="..\DeepSkyStacker\res\Brazil.png">
      <Filter>Resource Files</Filter>
    </Image>
    <Image Include="..\DeepSkyStacker\res\Romanian.png">
      <Filter>Resource Files</Filter>
    </Image>
    <Image Include="..\DeepSkyStacker\res\Russian.png">
      <Filter>Resource Files</Filter>
    </Image>
    <Image Include="..\DeepSkyStacker\res\Turkish.png">
      <Filter>Resource Files</Filter>
    </Image>
    <Image Include="..\DeepSkyStacker\res\RGBCalibration_None.bmp">
      <Filter>Resource Files</Filter>
    </Image>
    <Image Include="..\DeepSkyStacker\res\Calibration_Linear.bmp">
      <Filter>Resource Files</Filter>
    </Image>
    <Image Include="..\DeepSkyStacker\res\Calibration_Rational.bmp">
      <Filter>Resource Files</Filter>
    </Image>
    <Image Include="..\DeepSkyStacker\res\RGBCalibration_Maximum.bmp">
      <Filter>Resource Files</Filter>
    </Image>
    <Image Include="..\DeepSkyStacker\res\RGBCalibration_Middle.bmp">
      <Filter>Resource Files</Filter>
    </Image>
    <Image Include="..\DeepSkyStacker\res\RGBCalibration_Minimum.bmp">
      <Filter>Resource Files</Filter>
    </Image>
  </ItemGroup>
</Project>